{
  "pins" : [
    {
      "identity" : "defaultcodable",
      "kind" : "remoteSourceControl",
      "location" : "https://github.com/gonzalezreal/DefaultCodable",
      "state" : {
        "revision" : "b75cdb44b772cdd278ea0d029d3f079384b0d87d",
        "version" : "1.2.1"
      }
    },
    {
      "identity" : "lottie-ios",
      "kind" : "remoteSourceControl",
      "location" : "https://github.com/airbnb/lottie-ios.git",
      "state" : {
        "revision" : "f522990668c2f9132323a2e68d924c7dcb9130b4",
        "version" : "4.4.0"
      }
    },
    {
      "identity" : "turf-swift",
      "kind" : "remoteSourceControl",
      "location" : "https://github.com/mapbox/turf-swift.git",
      "state" : {
        "revision" : "f0afe204b4266337066a436becab62fdd2b32378",
        "version" : "2.7.0"
      }
    },
    {
      "identity" : "wrappinghstack",
      "kind" : "remoteSourceControl",
      "location" : "https://github.com/ksemianov/WrappingHStack",
      "state" : {
        "revision" : "3300f68b6bf5f8a75ee7ca8a40f136a558053d10",
        "version" : "0.2.0"
      }
    }
  ],
  "version" : 2
}
