// !$*UTF8*$!
{
	archiveVersion = 1;
	classes = {
	};
	objectVersion = 56;
	objects = {

/* Begin PBXBuildFile section */
		E2000C182AC821D3003D01A9 /* StopMapViewModel.swift in Sources */ = {isa = PBXBuildFile; fileRef = E2000C172AC821D3003D01A9 /* StopMapViewModel.swift */; };
		E2000C1B2AC82799003D01A9 /* LocationManager.swift in Sources */ = {isa = PBXBuildFile; fileRef = E2000C1A2AC82799003D01A9 /* LocationManager.swift */; };
		E273078B2AD1FCAD0060FF99 /* NotificationCenter+GoTravel.swift in Sources */ = {isa = PBXBuildFile; fileRef = E273078A2AD1FCAD0060FF99 /* NotificationCenter+GoTravel.swift */; };
		E273078F2AD20A4E0060FF99 /* Strings.swift in Sources */ = {isa = PBXBuildFile; fileRef = E273078E2AD20A4E0060FF99 /* Strings.swift */; };
		E280F6552B13ADC100563D7E /* String+GoTravel.swift in Sources */ = {isa = PBXBuildFile; fileRef = E280F6542B13ADC100563D7E /* String+GoTravel.swift */; };
		E283D3822AC23316008ECF81 /* GoLondonApp.swift in Sources */ = {isa = PBXBuildFile; fileRef = E283D3812AC23316008ECF81 /* GoLondonApp.swift */; };
		E283D3842AC23316008ECF81 /* ContentView.swift in Sources */ = {isa = PBXBuildFile; fileRef = E283D3832AC23316008ECF81 /* ContentView.swift */; };
		E283D3862AC23318008ECF81 /* Assets.xcassets in Resources */ = {isa = PBXBuildFile; fileRef = E283D3852AC23318008ECF81 /* Assets.xcassets */; };
		E283D3892AC23318008ECF81 /* Preview Assets.xcassets in Resources */ = {isa = PBXBuildFile; fileRef = E283D3882AC23318008ECF81 /* Preview Assets.xcassets */; };
		E28DC2B02B1F62B900E2FECE /* GoTravel.CoreData in Frameworks */ = {isa = PBXBuildFile; productRef = E28DC2AF2B1F62B900E2FECE /* GoTravel.CoreData */; };
		E28DC2B32B1FE44900E2FECE /* GoTravel.Models in Frameworks */ = {isa = PBXBuildFile; productRef = E28DC2B22B1FE44900E2FECE /* GoTravel.Models */; };
		E28DC2B62B1FE5DE00E2FECE /* GoTravel.API in Frameworks */ = {isa = PBXBuildFile; productRef = E28DC2B52B1FE5DE00E2FECE /* GoTravel.API */; };
		E28DC2B82B1FE6D500E2FECE /* LineModeFilterView.swift in Sources */ = {isa = PBXBuildFile; fileRef = E28DC2B72B1FE6D500E2FECE /* LineModeFilterView.swift */; };
		E28DC2BA2B1FE73700E2FECE /* MapControlButtonStyle.swift in Sources */ = {isa = PBXBuildFile; fileRef = E28DC2B92B1FE73700E2FECE /* MapControlButtonStyle.swift */; };
		E28DC2BC2B1FE7CA00E2FECE /* SwiftUI+GoTravel.swift in Sources */ = {isa = PBXBuildFile; fileRef = E28DC2BB2B1FE7CA00E2FECE /* SwiftUI+GoTravel.swift */; };
		E28DC2BF2B2107D900E2FECE /* LineModeFilterViewModel.swift in Sources */ = {isa = PBXBuildFile; fileRef = E28DC2BE2B2107D900E2FECE /* LineModeFilterViewModel.swift */; };
		E28DC2C12B210C1100E2FECE /* LineModeCache+GoTravel.swift in Sources */ = {isa = PBXBuildFile; fileRef = E28DC2C02B210C1100E2FECE /* LineModeCache+GoTravel.swift */; };
		E28DC2C52B210E5500E2FECE /* LineMode+Cache.swift in Sources */ = {isa = PBXBuildFile; fileRef = E28DC2C42B210E5500E2FECE /* LineMode+Cache.swift */; };
		E29848C12AC6FB83004A5BDC /* HomeMapPage.swift in Sources */ = {isa = PBXBuildFile; fileRef = E29848C02AC6FB83004A5BDC /* HomeMapPage.swift */; };
		E2BF5D712AD35A8E00261261 /* StopPointMarkerView.swift in Sources */ = {isa = PBXBuildFile; fileRef = E2BF5D702AD35A8E00261261 /* StopPointMarkerView.swift */; };
		E2BF5D732AD3629500261261 /* LineMode+GoTravel.swift in Sources */ = {isa = PBXBuildFile; fileRef = E2BF5D722AD3629500261261 /* LineMode+GoTravel.swift */; };
		E2BF5D752AD3634700261261 /* Color+GoTravel.swift in Sources */ = {isa = PBXBuildFile; fileRef = E2BF5D742AD3634700261261 /* Color+GoTravel.swift */; };
		E2BF5D772AD3641100261261 /* StopPoint+GoTravel.swift in Sources */ = {isa = PBXBuildFile; fileRef = E2BF5D762AD3641100261261 /* StopPoint+GoTravel.swift */; };
		E2CFBAA12AC89EC200662DC1 /* LocationNeededBanner.swift in Sources */ = {isa = PBXBuildFile; fileRef = E2CFBAA02AC89EC200662DC1 /* LocationNeededBanner.swift */; };
		E2CFD9932AFA8233008A6726 /* AppData.swift in Sources */ = {isa = PBXBuildFile; fileRef = E2CFD9922AFA8233008A6726 /* AppData.swift */; };
		E2F9415B2AD2C2A10047EA04 /* GlobalViewModel.swift in Sources */ = {isa = PBXBuildFile; fileRef = E2F9415A2AD2C2A10047EA04 /* GlobalViewModel.swift */; };
		E2F9415D2AD2C3A60047EA04 /* NavigationPath+GoTravel.swift in Sources */ = {isa = PBXBuildFile; fileRef = E2F9415C2AD2C3A60047EA04 /* NavigationPath+GoTravel.swift */; };
		E2F9415F2AD30A3F0047EA04 /* Localizable.xcstrings in Resources */ = {isa = PBXBuildFile; fileRef = E2F9415E2AD30A3F0047EA04 /* Localizable.xcstrings */; };
		E2FA5C3B2AF8240500DCE810 /* SearchHereTip.swift in Sources */ = {isa = PBXBuildFile; fileRef = E2FA5C3A2AF8240500DCE810 /* SearchHereTip.swift */; };
/* End PBXBuildFile section */

/* Begin PBXCopyFilesBuildPhase section */
		E28DC2A02B1F56F600E2FECE /* Embed Frameworks */ = {
			isa = PBXCopyFilesBuildPhase;
			buildActionMask = 2147483647;
			dstPath = "";
			dstSubfolderSpec = 10;
			files = (
			);
			name = "Embed Frameworks";
			runOnlyForDeploymentPostprocessing = 0;
		};
/* End PBXCopyFilesBuildPhase section */

/* Begin PBXFileReference section */
		E2000C172AC821D3003D01A9 /* StopMapViewModel.swift */ = {isa = PBXFileReference; lastKnownFileType = sourcecode.swift; path = StopMapViewModel.swift; sourceTree = "<group>"; };
		E2000C1A2AC82799003D01A9 /* LocationManager.swift */ = {isa = PBXFileReference; lastKnownFileType = sourcecode.swift; path = LocationManager.swift; sourceTree = "<group>"; };
		E2000C1F2AC82C97003D01A9 /* Info.plist */ = {isa = PBXFileReference; lastKnownFileType = text.plist; path = Info.plist; sourceTree = "<group>"; };
		E273078A2AD1FCAD0060FF99 /* NotificationCenter+GoTravel.swift */ = {isa = PBXFileReference; lastKnownFileType = sourcecode.swift; path = "NotificationCenter+GoTravel.swift"; sourceTree = "<group>"; };
		E273078E2AD20A4E0060FF99 /* Strings.swift */ = {isa = PBXFileReference; lastKnownFileType = sourcecode.swift; path = Strings.swift; sourceTree = "<group>"; };
		E280F6542B13ADC100563D7E /* String+GoTravel.swift */ = {isa = PBXFileReference; lastKnownFileType = sourcecode.swift; path = "String+GoTravel.swift"; sourceTree = "<group>"; };
		E283D37E2AC23316008ECF81 /* GoTravel.app */ = {isa = PBXFileReference; explicitFileType = wrapper.application; includeInIndex = 0; path = GoTravel.app; sourceTree = BUILT_PRODUCTS_DIR; };
		E283D3812AC23316008ECF81 /* GoLondonApp.swift */ = {isa = PBXFileReference; lastKnownFileType = sourcecode.swift; path = GoLondonApp.swift; sourceTree = "<group>"; };
		E283D3832AC23316008ECF81 /* ContentView.swift */ = {isa = PBXFileReference; lastKnownFileType = sourcecode.swift; path = ContentView.swift; sourceTree = "<group>"; };
		E283D3852AC23318008ECF81 /* Assets.xcassets */ = {isa = PBXFileReference; lastKnownFileType = folder.assetcatalog; path = Assets.xcassets; sourceTree = "<group>"; };
		E283D3882AC23318008ECF81 /* Preview Assets.xcassets */ = {isa = PBXFileReference; lastKnownFileType = folder.assetcatalog; path = "Preview Assets.xcassets"; sourceTree = "<group>"; };
		E28DC2AC2B1F62AC00E2FECE /* GoTravel.CoreData */ = {isa = PBXFileReference; lastKnownFileType = wrapper; path = GoTravel.CoreData; sourceTree = "<group>"; };
		E28DC2B12B1FE42B00E2FECE /* GoTravel.Models */ = {isa = PBXFileReference; lastKnownFileType = wrapper; path = GoTravel.Models; sourceTree = "<group>"; };
		E28DC2B42B1FE45F00E2FECE /* GoTravel.API */ = {isa = PBXFileReference; lastKnownFileType = wrapper; path = GoTravel.API; sourceTree = "<group>"; };
		E28DC2B72B1FE6D500E2FECE /* LineModeFilterView.swift */ = {isa = PBXFileReference; lastKnownFileType = sourcecode.swift; path = LineModeFilterView.swift; sourceTree = "<group>"; };
		E28DC2B92B1FE73700E2FECE /* MapControlButtonStyle.swift */ = {isa = PBXFileReference; lastKnownFileType = sourcecode.swift; path = MapControlButtonStyle.swift; sourceTree = "<group>"; };
		E28DC2BB2B1FE7CA00E2FECE /* SwiftUI+GoTravel.swift */ = {isa = PBXFileReference; lastKnownFileType = sourcecode.swift; path = "SwiftUI+GoTravel.swift"; sourceTree = "<group>"; };
		E28DC2BE2B2107D900E2FECE /* LineModeFilterViewModel.swift */ = {isa = PBXFileReference; lastKnownFileType = sourcecode.swift; path = LineModeFilterViewModel.swift; sourceTree = "<group>"; };
		E28DC2C02B210C1100E2FECE /* LineModeCache+GoTravel.swift */ = {isa = PBXFileReference; lastKnownFileType = sourcecode.swift; path = "LineModeCache+GoTravel.swift"; sourceTree = "<group>"; };
		E28DC2C42B210E5500E2FECE /* LineMode+Cache.swift */ = {isa = PBXFileReference; lastKnownFileType = sourcecode.swift; path = "LineMode+Cache.swift"; sourceTree = "<group>"; };
		E29848C02AC6FB83004A5BDC /* HomeMapPage.swift */ = {isa = PBXFileReference; lastKnownFileType = sourcecode.swift; path = HomeMapPage.swift; sourceTree = "<group>"; };
		E2BF5D702AD35A8E00261261 /* StopPointMarkerView.swift */ = {isa = PBXFileReference; lastKnownFileType = sourcecode.swift; path = StopPointMarkerView.swift; sourceTree = "<group>"; };
		E2BF5D722AD3629500261261 /* LineMode+GoTravel.swift */ = {isa = PBXFileReference; lastKnownFileType = sourcecode.swift; path = "LineMode+GoTravel.swift"; sourceTree = "<group>"; };
		E2BF5D742AD3634700261261 /* Color+GoTravel.swift */ = {isa = PBXFileReference; lastKnownFileType = sourcecode.swift; path = "Color+GoTravel.swift"; sourceTree = "<group>"; };
		E2BF5D762AD3641100261261 /* StopPoint+GoTravel.swift */ = {isa = PBXFileReference; lastKnownFileType = sourcecode.swift; path = "StopPoint+GoTravel.swift"; sourceTree = "<group>"; };
		E2CFBAA02AC89EC200662DC1 /* LocationNeededBanner.swift */ = {isa = PBXFileReference; lastKnownFileType = sourcecode.swift; path = LocationNeededBanner.swift; sourceTree = "<group>"; };
		E2CFD9922AFA8233008A6726 /* AppData.swift */ = {isa = PBXFileReference; lastKnownFileType = sourcecode.swift; path = AppData.swift; sourceTree = "<group>"; };
		E2F9415A2AD2C2A10047EA04 /* GlobalViewModel.swift */ = {isa = PBXFileReference; lastKnownFileType = sourcecode.swift; path = GlobalViewModel.swift; sourceTree = "<group>"; };
		E2F9415C2AD2C3A60047EA04 /* NavigationPath+GoTravel.swift */ = {isa = PBXFileReference; lastKnownFileType = sourcecode.swift; path = "NavigationPath+GoTravel.swift"; sourceTree = "<group>"; };
		E2F9415E2AD30A3F0047EA04 /* Localizable.xcstrings */ = {isa = PBXFileReference; fileEncoding = 4; lastKnownFileType = text.json.xcstrings; path = Localizable.xcstrings; sourceTree = "<group>"; };
		E2FA5C3A2AF8240500DCE810 /* SearchHereTip.swift */ = {isa = PBXFileReference; lastKnownFileType = sourcecode.swift; path = SearchHereTip.swift; sourceTree = "<group>"; };
/* End PBXFileReference section */

/* Begin PBXFrameworksBuildPhase section */
		E283D37B2AC23316008ECF81 /* Frameworks */ = {
			isa = PBXFrameworksBuildPhase;
			buildActionMask = 2147483647;
			files = (
				E28DC2B02B1F62B900E2FECE /* GoTravel.CoreData in Frameworks */,
				E28DC2B32B1FE44900E2FECE /* GoTravel.Models in Frameworks */,
				E28DC2B62B1FE5DE00E2FECE /* GoTravel.API in Frameworks */,
			);
			runOnlyForDeploymentPostprocessing = 0;
		};
/* End PBXFrameworksBuildPhase section */

/* Begin PBXGroup section */
		E2000C162AC8217E003D01A9 /* ViewModels */ = {
			isa = PBXGroup;
			children = (
				E28DC2BD2B2107CC00E2FECE /* Map */,
				E2F9415A2AD2C2A10047EA04 /* GlobalViewModel.swift */,
			);
			path = ViewModels;
			sourceTree = "<group>";
		};
		E2000C192AC8278C003D01A9 /* Managers */ = {
			isa = PBXGroup;
			children = (
				E2000C1A2AC82799003D01A9 /* LocationManager.swift */,
				E273078E2AD20A4E0060FF99 /* Strings.swift */,
				E2CFD9922AFA8233008A6726 /* AppData.swift */,
			);
			path = Managers;
			sourceTree = "<group>";
		};
		E2000C1C2AC8299B003D01A9 /* Views */ = {
			isa = PBXGroup;
			children = (
				E2FA5C392AF823FA00DCE810 /* Tips */,
				E2CFBA9F2AC89EB700662DC1 /* Map */,
			);
			path = Views;
			sourceTree = "<group>";
		};
		E27307892AD1FC920060FF99 /* Extensions */ = {
			isa = PBXGroup;
			children = (
				E28DC2C32B210E4800E2FECE /* Models */,
				E28DC2C22B210E4200E2FECE /* Cache */,
				E273078A2AD1FCAD0060FF99 /* NotificationCenter+GoTravel.swift */,
				E2F9415C2AD2C3A60047EA04 /* NavigationPath+GoTravel.swift */,
				E2BF5D742AD3634700261261 /* Color+GoTravel.swift */,
				E280F6542B13ADC100563D7E /* String+GoTravel.swift */,
				E28DC2BB2B1FE7CA00E2FECE /* SwiftUI+GoTravel.swift */,
			);
			path = Extensions;
			sourceTree = "<group>";
		};
		E283D3752AC23316008ECF81 = {
			isa = PBXGroup;
			children = (
				E283D3802AC23316008ECF81 /* GoTravel */,
				E28DC2B42B1FE45F00E2FECE /* GoTravel.API */,
				E28DC2B12B1FE42B00E2FECE /* GoTravel.Models */,
				E28DC2AC2B1F62AC00E2FECE /* GoTravel.CoreData */,
				E283D37F2AC23316008ECF81 /* Products */,
				E28DC2A22B1F58CD00E2FECE /* Frameworks */,
			);
			sourceTree = "<group>";
		};
		E283D37F2AC23316008ECF81 /* Products */ = {
			isa = PBXGroup;
			children = (
				E283D37E2AC23316008ECF81 /* GoTravel.app */,
			);
			name = Products;
			sourceTree = "<group>";
		};
		E283D3802AC23316008ECF81 /* GoTravel */ = {
			isa = PBXGroup;
			children = (
				E2000C1F2AC82C97003D01A9 /* Info.plist */,
				E283D3832AC23316008ECF81 /* ContentView.swift */,
				E283D38F2AC233A7008ECF81 /* App */,
				E29848BF2AC6FB79004A5BDC /* Pages */,
				E2000C1C2AC8299B003D01A9 /* Views */,
				E2000C162AC8217E003D01A9 /* ViewModels */,
				E27307892AD1FC920060FF99 /* Extensions */,
			);
			path = GoTravel;
			sourceTree = "<group>";
		};
		E283D3872AC23318008ECF81 /* Preview Content */ = {
			isa = PBXGroup;
			children = (
				E283D3882AC23318008ECF81 /* Preview Assets.xcassets */,
			);
			path = "Preview Content";
			sourceTree = "<group>";
		};
		E283D38F2AC233A7008ECF81 /* App */ = {
			isa = PBXGroup;
			children = (
				E2000C192AC8278C003D01A9 /* Managers */,
				E283D3872AC23318008ECF81 /* Preview Content */,
				E283D3852AC23318008ECF81 /* Assets.xcassets */,
				E2F9415E2AD30A3F0047EA04 /* Localizable.xcstrings */,
				E283D3812AC23316008ECF81 /* GoLondonApp.swift */,
			);
			path = App;
			sourceTree = "<group>";
		};
		E28DC2A22B1F58CD00E2FECE /* Frameworks */ = {
			isa = PBXGroup;
			children = (
			);
			name = Frameworks;
			sourceTree = "<group>";
		};
		E28DC2BD2B2107CC00E2FECE /* Map */ = {
			isa = PBXGroup;
			children = (
				E2000C172AC821D3003D01A9 /* StopMapViewModel.swift */,
				E28DC2BE2B2107D900E2FECE /* LineModeFilterViewModel.swift */,
			);
			path = Map;
			sourceTree = "<group>";
		};
		E28DC2C22B210E4200E2FECE /* Cache */ = {
			isa = PBXGroup;
			children = (
				E28DC2C02B210C1100E2FECE /* LineModeCache+GoTravel.swift */,
			);
			path = Cache;
			sourceTree = "<group>";
		};
		E28DC2C32B210E4800E2FECE /* Models */ = {
			isa = PBXGroup;
			children = (
				E2BF5D762AD3641100261261 /* StopPoint+GoTravel.swift */,
				E2BF5D722AD3629500261261 /* LineMode+GoTravel.swift */,
				E28DC2C42B210E5500E2FECE /* LineMode+Cache.swift */,
			);
			path = Models;
			sourceTree = "<group>";
		};
		E29848BF2AC6FB79004A5BDC /* Pages */ = {
			isa = PBXGroup;
			children = (
				E29848C02AC6FB83004A5BDC /* HomeMapPage.swift */,
			);
			path = Pages;
			sourceTree = "<group>";
		};
		E2CFBA9F2AC89EB700662DC1 /* Map */ = {
			isa = PBXGroup;
			children = (
				E2CFBAA02AC89EC200662DC1 /* LocationNeededBanner.swift */,
				E2BF5D702AD35A8E00261261 /* StopPointMarkerView.swift */,
				E28DC2B72B1FE6D500E2FECE /* LineModeFilterView.swift */,
				E28DC2B92B1FE73700E2FECE /* MapControlButtonStyle.swift */,
			);
			path = Map;
			sourceTree = "<group>";
		};
		E2FA5C392AF823FA00DCE810 /* Tips */ = {
			isa = PBXGroup;
			children = (
				E2FA5C3A2AF8240500DCE810 /* SearchHereTip.swift */,
			);
			path = Tips;
			sourceTree = "<group>";
		};
/* End PBXGroup section */

/* Begin PBXNativeTarget section */
		E283D37D2AC23316008ECF81 /* GoTravel */ = {
			isa = PBXNativeTarget;
			buildConfigurationList = E283D38C2AC23318008ECF81 /* Build configuration list for PBXNativeTarget "GoTravel" */;
			buildPhases = (
				E283D37A2AC23316008ECF81 /* Sources */,
				E283D37B2AC23316008ECF81 /* Frameworks */,
				E283D37C2AC23316008ECF81 /* Resources */,
				E28DC2A02B1F56F600E2FECE /* Embed Frameworks */,
			);
			buildRules = (
			);
			dependencies = (
			);
			name = GoTravel;
			packageProductDependencies = (
				E28DC2AF2B1F62B900E2FECE /* GoTravel.CoreData */,
				E28DC2B22B1FE44900E2FECE /* GoTravel.Models */,
				E28DC2B52B1FE5DE00E2FECE /* GoTravel.API */,
			);
			productName = GoLondon;
			productReference = E283D37E2AC23316008ECF81 /* GoTravel.app */;
			productType = "com.apple.product-type.application";
		};
/* End PBXNativeTarget section */

/* Begin PBXProject section */
		E283D3762AC23316008ECF81 /* Project object */ = {
			isa = PBXProject;
			attributes = {
				BuildIndependentTargetsInParallel = 1;
				LastSwiftUpdateCheck = 1500;
				LastUpgradeCheck = 1500;
				TargetAttributes = {
					E283D37D2AC23316008ECF81 = {
						CreatedOnToolsVersion = 15.0;
					};
				};
			};
			buildConfigurationList = E283D3792AC23316008ECF81 /* Build configuration list for PBXProject "GoTravel" */;
			compatibilityVersion = "Xcode 14.0";
			developmentRegion = en;
			hasScannedForEncodings = 0;
			knownRegions = (
				en,
				Base,
			);
			mainGroup = E283D3752AC23316008ECF81;
			packageReferences = (
			);
			productRefGroup = E283D37F2AC23316008ECF81 /* Products */;
			projectDirPath = "";
			projectRoot = "";
			targets = (
				E283D37D2AC23316008ECF81 /* GoTravel */,
			);
		};
/* End PBXProject section */

/* Begin PBXResourcesBuildPhase section */
		E283D37C2AC23316008ECF81 /* Resources */ = {
			isa = PBXResourcesBuildPhase;
			buildActionMask = 2147483647;
			files = (
				E283D3892AC23318008ECF81 /* Preview Assets.xcassets in Resources */,
				E283D3862AC23318008ECF81 /* Assets.xcassets in Resources */,
				E2F9415F2AD30A3F0047EA04 /* Localizable.xcstrings in Resources */,
			);
			runOnlyForDeploymentPostprocessing = 0;
		};
/* End PBXResourcesBuildPhase section */

/* Begin PBXSourcesBuildPhase section */
		E283D37A2AC23316008ECF81 /* Sources */ = {
			isa = PBXSourcesBuildPhase;
			buildActionMask = 2147483647;
			files = (
				E29848C12AC6FB83004A5BDC /* HomeMapPage.swift in Sources */,
				E28DC2C52B210E5500E2FECE /* LineMode+Cache.swift in Sources */,
				E2000C182AC821D3003D01A9 /* StopMapViewModel.swift in Sources */,
				E28DC2BF2B2107D900E2FECE /* LineModeFilterViewModel.swift in Sources */,
				E2BF5D732AD3629500261261 /* LineMode+GoTravel.swift in Sources */,
				E2F9415D2AD2C3A60047EA04 /* NavigationPath+GoTravel.swift in Sources */,
				E273078F2AD20A4E0060FF99 /* Strings.swift in Sources */,
				E2FA5C3B2AF8240500DCE810 /* SearchHereTip.swift in Sources */,
				E2000C1B2AC82799003D01A9 /* LocationManager.swift in Sources */,
				E28DC2B82B1FE6D500E2FECE /* LineModeFilterView.swift in Sources */,
				E28DC2C12B210C1100E2FECE /* LineModeCache+GoTravel.swift in Sources */,
				E2CFD9932AFA8233008A6726 /* AppData.swift in Sources */,
				E2CFBAA12AC89EC200662DC1 /* LocationNeededBanner.swift in Sources */,
				E283D3842AC23316008ECF81 /* ContentView.swift in Sources */,
				E2BF5D772AD3641100261261 /* StopPoint+GoTravel.swift in Sources */,
				E283D3822AC23316008ECF81 /* GoLondonApp.swift in Sources */,
				E28DC2BA2B1FE73700E2FECE /* MapControlButtonStyle.swift in Sources */,
				E2BF5D712AD35A8E00261261 /* StopPointMarkerView.swift in Sources */,
				E28DC2BC2B1FE7CA00E2FECE /* SwiftUI+GoTravel.swift in Sources */,
				E280F6552B13ADC100563D7E /* String+GoTravel.swift in Sources */,
				E273078B2AD1FCAD0060FF99 /* NotificationCenter+GoTravel.swift in Sources */,
				E2F9415B2AD2C2A10047EA04 /* GlobalViewModel.swift in Sources */,
				E2BF5D752AD3634700261261 /* Color+GoTravel.swift in Sources */,
			);
			runOnlyForDeploymentPostprocessing = 0;
		};
/* End PBXSourcesBuildPhase section */

/* Begin XCBuildConfiguration section */
		E283D38A2AC23318008ECF81 /* Debug */ = {
			isa = XCBuildConfiguration;
			buildSettings = {
				ALWAYS_SEARCH_USER_PATHS = NO;
				ASSETCATALOG_COMPILER_GENERATE_SWIFT_ASSET_SYMBOL_EXTENSIONS = YES;
				CLANG_ANALYZER_NONNULL = YES;
				CLANG_ANALYZER_NUMBER_OBJECT_CONVERSION = YES_AGGRESSIVE;
				CLANG_CXX_LANGUAGE_STANDARD = "gnu++20";
				CLANG_ENABLE_MODULES = YES;
				CLANG_ENABLE_OBJC_ARC = YES;
				CLANG_ENABLE_OBJC_WEAK = YES;
				CLANG_WARN_BLOCK_CAPTURE_AUTORELEASING = YES;
				CLANG_WARN_BOOL_CONVERSION = YES;
				CLANG_WARN_COMMA = YES;
				CLANG_WARN_CONSTANT_CONVERSION = YES;
				CLANG_WARN_DEPRECATED_OBJC_IMPLEMENTATIONS = YES;
				CLANG_WARN_DIRECT_OBJC_ISA_USAGE = YES_ERROR;
				CLANG_WARN_DOCUMENTATION_COMMENTS = YES;
				CLANG_WARN_EMPTY_BODY = YES;
				CLANG_WARN_ENUM_CONVERSION = YES;
				CLANG_WARN_INFINITE_RECURSION = YES;
				CLANG_WARN_INT_CONVERSION = YES;
				CLANG_WARN_NON_LITERAL_NULL_CONVERSION = YES;
				CLANG_WARN_OBJC_IMPLICIT_RETAIN_SELF = YES;
				CLANG_WARN_OBJC_LITERAL_CONVERSION = YES;
				CLANG_WARN_OBJC_ROOT_CLASS = YES_ERROR;
				CLANG_WARN_QUOTED_INCLUDE_IN_FRAMEWORK_HEADER = YES;
				CLANG_WARN_RANGE_LOOP_ANALYSIS = YES;
				CLANG_WARN_STRICT_PROTOTYPES = YES;
				CLANG_WARN_SUSPICIOUS_MOVE = YES;
				CLANG_WARN_UNGUARDED_AVAILABILITY = YES_AGGRESSIVE;
				CLANG_WARN_UNREACHABLE_CODE = YES;
				CLANG_WARN__DUPLICATE_METHOD_MATCH = YES;
				COPY_PHASE_STRIP = NO;
				DEBUG_INFORMATION_FORMAT = dwarf;
				ENABLE_STRICT_OBJC_MSGSEND = YES;
				ENABLE_TESTABILITY = YES;
				ENABLE_USER_SCRIPT_SANDBOXING = YES;
				GCC_C_LANGUAGE_STANDARD = gnu17;
				GCC_DYNAMIC_NO_PIC = NO;
				GCC_NO_COMMON_BLOCKS = YES;
				GCC_OPTIMIZATION_LEVEL = 0;
				GCC_PREPROCESSOR_DEFINITIONS = (
					"DEBUG=1",
					"$(inherited)",
				);
				GCC_WARN_64_TO_32_BIT_CONVERSION = YES;
				GCC_WARN_ABOUT_RETURN_TYPE = YES_ERROR;
				GCC_WARN_UNDECLARED_SELECTOR = YES;
				GCC_WARN_UNINITIALIZED_AUTOS = YES_AGGRESSIVE;
				GCC_WARN_UNUSED_FUNCTION = YES;
				GCC_WARN_UNUSED_VARIABLE = YES;
				IPHONEOS_DEPLOYMENT_TARGET = 17.0;
				LOCALIZATION_PREFERS_STRING_CATALOGS = YES;
				MTL_ENABLE_DEBUG_INFO = INCLUDE_SOURCE;
				MTL_FAST_MATH = YES;
				ONLY_ACTIVE_ARCH = YES;
				SDKROOT = iphoneos;
				SWIFT_ACTIVE_COMPILATION_CONDITIONS = "DEBUG $(inherited)";
				SWIFT_OPTIMIZATION_LEVEL = "-Onone";
			};
			name = Debug;
		};
		E283D38B2AC23318008ECF81 /* Release */ = {
			isa = XCBuildConfiguration;
			buildSettings = {
				ALWAYS_SEARCH_USER_PATHS = NO;
				ASSETCATALOG_COMPILER_GENERATE_SWIFT_ASSET_SYMBOL_EXTENSIONS = YES;
				CLANG_ANALYZER_NONNULL = YES;
				CLANG_ANALYZER_NUMBER_OBJECT_CONVERSION = YES_AGGRESSIVE;
				CLANG_CXX_LANGUAGE_STANDARD = "gnu++20";
				CLANG_ENABLE_MODULES = YES;
				CLANG_ENABLE_OBJC_ARC = YES;
				CLANG_ENABLE_OBJC_WEAK = YES;
				CLANG_WARN_BLOCK_CAPTURE_AUTORELEASING = YES;
				CLANG_WARN_BOOL_CONVERSION = YES;
				CLANG_WARN_COMMA = YES;
				CLANG_WARN_CONSTANT_CONVERSION = YES;
				CLANG_WARN_DEPRECATED_OBJC_IMPLEMENTATIONS = YES;
				CLANG_WARN_DIRECT_OBJC_ISA_USAGE = YES_ERROR;
				CLANG_WARN_DOCUMENTATION_COMMENTS = YES;
				CLANG_WARN_EMPTY_BODY = YES;
				CLANG_WARN_ENUM_CONVERSION = YES;
				CLANG_WARN_INFINITE_RECURSION = YES;
				CLANG_WARN_INT_CONVERSION = YES;
				CLANG_WARN_NON_LITERAL_NULL_CONVERSION = YES;
				CLANG_WARN_OBJC_IMPLICIT_RETAIN_SELF = YES;
				CLANG_WARN_OBJC_LITERAL_CONVERSION = YES;
				CLANG_WARN_OBJC_ROOT_CLASS = YES_ERROR;
				CLANG_WARN_QUOTED_INCLUDE_IN_FRAMEWORK_HEADER = YES;
				CLANG_WARN_RANGE_LOOP_ANALYSIS = YES;
				CLANG_WARN_STRICT_PROTOTYPES = YES;
				CLANG_WARN_SUSPICIOUS_MOVE = YES;
				CLANG_WARN_UNGUARDED_AVAILABILITY = YES_AGGRESSIVE;
				CLANG_WARN_UNREACHABLE_CODE = YES;
				CLANG_WARN__DUPLICATE_METHOD_MATCH = YES;
				COPY_PHASE_STRIP = NO;
				DEBUG_INFORMATION_FORMAT = "dwarf-with-dsym";
				ENABLE_NS_ASSERTIONS = NO;
				ENABLE_STRICT_OBJC_MSGSEND = YES;
				ENABLE_USER_SCRIPT_SANDBOXING = YES;
				GCC_C_LANGUAGE_STANDARD = gnu17;
				GCC_NO_COMMON_BLOCKS = YES;
				GCC_WARN_64_TO_32_BIT_CONVERSION = YES;
				GCC_WARN_ABOUT_RETURN_TYPE = YES_ERROR;
				GCC_WARN_UNDECLARED_SELECTOR = YES;
				GCC_WARN_UNINITIALIZED_AUTOS = YES_AGGRESSIVE;
				GCC_WARN_UNUSED_FUNCTION = YES;
				GCC_WARN_UNUSED_VARIABLE = YES;
				IPHONEOS_DEPLOYMENT_TARGET = 17.0;
				LOCALIZATION_PREFERS_STRING_CATALOGS = YES;
				MTL_ENABLE_DEBUG_INFO = NO;
				MTL_FAST_MATH = YES;
				SDKROOT = iphoneos;
				SWIFT_COMPILATION_MODE = wholemodule;
				VALIDATE_PRODUCT = YES;
			};
			name = Release;
		};
		E283D38D2AC23318008ECF81 /* Debug */ = {
			isa = XCBuildConfiguration;
			buildSettings = {
				ASSETCATALOG_COMPILER_APPICON_NAME = AppIcon;
				ASSETCATALOG_COMPILER_GLOBAL_ACCENT_COLOR_NAME = AccentColor;
				CODE_SIGN_STYLE = Automatic;
				CURRENT_PROJECT_VERSION = 1;
				DEVELOPMENT_ASSET_PATHS = "\"GoTravel/App/Preview Content\"";
				DEVELOPMENT_TEAM = 8H3J46CN24;
				ENABLE_PREVIEWS = YES;
				GENERATE_INFOPLIST_FILE = YES;
				GTAPI_BASE_URL = "https://api.dev.gotravel.tomk.online/";
				INFOPLIST_FILE = GoTravel/Info.plist;
				INFOPLIST_KEY_CFBundleDisplayName = "Go Travel";
				INFOPLIST_KEY_LSApplicationCategoryType = "public.app-category.travel";
				INFOPLIST_KEY_NSLocationAlwaysAndWhenInUseUsageDescription = "Go London can use your location to search for stops and nearby buses and trains";
				INFOPLIST_KEY_NSLocationWhenInUseUsageDescription = "Go London can use your location to search for stops and nearby buses and trains";
				INFOPLIST_KEY_UIApplicationSceneManifest_Generation = YES;
				INFOPLIST_KEY_UIApplicationSupportsIndirectInputEvents = YES;
				INFOPLIST_KEY_UILaunchScreen_Generation = YES;
				INFOPLIST_KEY_UIStatusBarHidden = NO;
				INFOPLIST_KEY_UISupportedInterfaceOrientations = UIInterfaceOrientationPortrait;
				INFOPLIST_KEY_UISupportedInterfaceOrientations_iPad = "UIInterfaceOrientationLandscapeLeft UIInterfaceOrientationLandscapeRight UIInterfaceOrientationPortrait UIInterfaceOrientationPortraitUpsideDown";
				LD_RUNPATH_SEARCH_PATHS = (
					"$(inherited)",
					"@executable_path/Frameworks",
				);
				MARKETING_VERSION = 0.0;
				PRODUCT_BUNDLE_IDENTIFIER = online.tomk.GoTravel;
				PRODUCT_NAME = "$(TARGET_NAME)";
				SUPPORTED_PLATFORMS = "iphoneos iphonesimulator";
				SUPPORTS_MACCATALYST = NO;
				SUPPORTS_MAC_DESIGNED_FOR_IPHONE_IPAD = NO;
				SWIFT_EMIT_LOC_STRINGS = YES;
				SWIFT_VERSION = 5.0;
				TARGETED_DEVICE_FAMILY = 1;
			};
			name = Debug;
		};
		E283D38E2AC23318008ECF81 /* Release */ = {
			isa = XCBuildConfiguration;
			buildSettings = {
				ASSETCATALOG_COMPILER_APPICON_NAME = AppIcon;
				ASSETCATALOG_COMPILER_GLOBAL_ACCENT_COLOR_NAME = AccentColor;
				CODE_SIGN_STYLE = Automatic;
				CURRENT_PROJECT_VERSION = 1;
				DEVELOPMENT_ASSET_PATHS = "\"GoTravel/App/Preview Content\"";
				DEVELOPMENT_TEAM = 8H3J46CN24;
				ENABLE_PREVIEWS = YES;
				GENERATE_INFOPLIST_FILE = YES;
				GTAPI_BASE_URL = "https://api.gotravel.tomk.online/";
				INFOPLIST_FILE = GoTravel/Info.plist;
				INFOPLIST_KEY_CFBundleDisplayName = "Go Travel";
				INFOPLIST_KEY_LSApplicationCategoryType = "public.app-category.travel";
				INFOPLIST_KEY_NSLocationAlwaysAndWhenInUseUsageDescription = "Go London can use your location to search for stops and nearby buses and trains";
				INFOPLIST_KEY_NSLocationWhenInUseUsageDescription = "Go London can use your location to search for stops and nearby buses and trains";
				INFOPLIST_KEY_UIApplicationSceneManifest_Generation = YES;
				INFOPLIST_KEY_UIApplicationSupportsIndirectInputEvents = YES;
				INFOPLIST_KEY_UILaunchScreen_Generation = YES;
				INFOPLIST_KEY_UIStatusBarHidden = NO;
				INFOPLIST_KEY_UISupportedInterfaceOrientations = UIInterfaceOrientationPortrait;
				INFOPLIST_KEY_UISupportedInterfaceOrientations_iPad = "UIInterfaceOrientationLandscapeLeft UIInterfaceOrientationLandscapeRight UIInterfaceOrientationPortrait UIInterfaceOrientationPortraitUpsideDown";
				LD_RUNPATH_SEARCH_PATHS = (
					"$(inherited)",
					"@executable_path/Frameworks",
				);
				MARKETING_VERSION = 0.0;
				PRODUCT_BUNDLE_IDENTIFIER = online.tomk.GoTravel;
				PRODUCT_NAME = "$(TARGET_NAME)";
				SUPPORTED_PLATFORMS = "iphoneos iphonesimulator";
				SUPPORTS_MACCATALYST = NO;
				SUPPORTS_MAC_DESIGNED_FOR_IPHONE_IPAD = NO;
				SWIFT_EMIT_LOC_STRINGS = YES;
				SWIFT_VERSION = 5.0;
				TARGETED_DEVICE_FAMILY = 1;
			};
			name = Release;
		};
/* End XCBuildConfiguration section */

/* Begin XCConfigurationList section */
		E283D3792AC23316008ECF81 /* Build configuration list for PBXProject "GoTravel" */ = {
			isa = XCConfigurationList;
			buildConfigurations = (
				E283D38A2AC23318008ECF81 /* Debug */,
				E283D38B2AC23318008ECF81 /* Release */,
			);
			defaultConfigurationIsVisible = 0;
			defaultConfigurationName = Release;
		};
		E283D38C2AC23318008ECF81 /* Build configuration list for PBXNativeTarget "GoTravel" */ = {
			isa = XCConfigurationList;
			buildConfigurations = (
				E283D38D2AC23318008ECF81 /* Debug */,
				E283D38E2AC23318008ECF81 /* Release */,
			);
			defaultConfigurationIsVisible = 0;
			defaultConfigurationName = Release;
		};
/* End XCConfigurationList section */

/* Begin XCSwiftPackageProductDependency section */
		E28DC2AF2B1F62B900E2FECE /* GoTravel.CoreData */ = {
			isa = XCSwiftPackageProductDependency;
			productName = GoTravel.CoreData;
		};
		E28DC2B22B1FE44900E2FECE /* GoTravel.Models */ = {
			isa = XCSwiftPackageProductDependency;
			productName = GoTravel.Models;
		};
		E28DC2B52B1FE5DE00E2FECE /* GoTravel.API */ = {
			isa = XCSwiftPackageProductDependency;
			productName = GoTravel.API;
		};
/* End XCSwiftPackageProductDependency section */
	};
	rootObject = E283D3762AC23316008ECF81 /* Project object */;
}
