// !$*UTF8*$!
{
	archiveVersion = 1;
	classes = {
	};
	objectVersion = 56;
	objects = {

/* Begin PBXBuildFile section */
		E2000C182AC821D3003D01A9 /* StopMapViewModel.swift in Sources */ = {isa = PBXBuildFile; fileRef = E2000C172AC821D3003D01A9 /* StopMapViewModel.swift */; };
		E2000C1B2AC82799003D01A9 /* LocationManager.swift in Sources */ = {isa = PBXBuildFile; fileRef = E2000C1A2AC82799003D01A9 /* LocationManager.swift */; };
		E20CD6322B74245F00459104 /* JourneyData.swift in Sources */ = {isa = PBXBuildFile; fileRef = E20CD6312B74245F00459104 /* JourneyData.swift */; };
		E22DBC3D2B5B227800276034 /* PlatformArrivals+GoTravel.swift in Sources */ = {isa = PBXBuildFile; fileRef = E22DBC3C2B5B227800276034 /* PlatformArrivals+GoTravel.swift */; };
		E22DBC3F2B5BEA8100276034 /* GaugeTimerView.swift in Sources */ = {isa = PBXBuildFile; fileRef = E22DBC3E2B5BEA8100276034 /* GaugeTimerView.swift */; };
		E23027AD2B69775D00DC1D54 /* JourneyPlannerViewModel.swift in Sources */ = {isa = PBXBuildFile; fileRef = E23027AC2B69775D00DC1D54 /* JourneyPlannerViewModel.swift */; };
		E23027AF2B6D41D400DC1D54 /* JourneyTimeSelectSheet.swift in Sources */ = {isa = PBXBuildFile; fileRef = E23027AE2B6D41D400DC1D54 /* JourneyTimeSelectSheet.swift */; };
		E23027B12B6D41F100DC1D54 /* JourneyLocationSearchSheet.swift in Sources */ = {isa = PBXBuildFile; fileRef = E23027B02B6D41F100DC1D54 /* JourneyLocationSearchSheet.swift */; };
		E23027B32B6D445200DC1D54 /* JourneyResultsView.swift in Sources */ = {isa = PBXBuildFile; fileRef = E23027B22B6D445200DC1D54 /* JourneyResultsView.swift */; };
		E23027B52B6D534C00DC1D54 /* Journey+GoTravel.swift in Sources */ = {isa = PBXBuildFile; fileRef = E23027B42B6D534C00DC1D54 /* Journey+GoTravel.swift */; };
		E23094012B82261300C67D96 /* CommunityPage.swift in Sources */ = {isa = PBXBuildFile; fileRef = E23094002B82261300C67D96 /* CommunityPage.swift */; };
		E23094042B8226A800C67D96 /* CommunityNotLoggedInView.swift in Sources */ = {isa = PBXBuildFile; fileRef = E23094032B8226A800C67D96 /* CommunityNotLoggedInView.swift */; };
		E23094062B82532D00C67D96 /* CurrentUser+GoTravel.swift in Sources */ = {isa = PBXBuildFile; fileRef = E23094052B82532D00C67D96 /* CurrentUser+GoTravel.swift */; };
		E2311A772B7EA48800D7DCD4 /* PostSignupViewModel.swift in Sources */ = {isa = PBXBuildFile; fileRef = E2311A762B7EA48800D7DCD4 /* PostSignupViewModel.swift */; };
		E238EF6F2B781CE600DC8E84 /* Lottie in Frameworks */ = {isa = PBXBuildFile; productRef = E238EF6E2B781CE600DC8E84 /* Lottie */; };
		E238EF722B782DEA00DC8E84 /* LoginView.swift in Sources */ = {isa = PBXBuildFile; fileRef = E238EF712B782DEA00DC8E84 /* LoginView.swift */; };
		E238EF752B782EB100DC8E84 /* ColorfulX in Frameworks */ = {isa = PBXBuildFile; productRef = E238EF742B782EB100DC8E84 /* ColorfulX */; };
		E238EF772B78349100DC8E84 /* AuthPage.swift in Sources */ = {isa = PBXBuildFile; fileRef = E238EF762B78349100DC8E84 /* AuthPage.swift */; };
		E238EF7A2B78FA6600DC8E84 /* SignUpView.swift in Sources */ = {isa = PBXBuildFile; fileRef = E238EF792B78FA6600DC8E84 /* SignUpView.swift */; };
		E238EF7C2B79011500DC8E84 /* AuthTextField.swift in Sources */ = {isa = PBXBuildFile; fileRef = E238EF7B2B79011500DC8E84 /* AuthTextField.swift */; };
		E238EF7F2B79330C00DC8E84 /* SignInViewModel.swift in Sources */ = {isa = PBXBuildFile; fileRef = E238EF7E2B79330C00DC8E84 /* SignInViewModel.swift */; };
		E238EF812B79331600DC8E84 /* SignupViewModel.swift in Sources */ = {isa = PBXBuildFile; fileRef = E238EF802B79331600DC8E84 /* SignupViewModel.swift */; };
		E242FD682B9B46EB000BE477 /* CrowdsourceView.swift in Sources */ = {isa = PBXBuildFile; fileRef = E242FD672B9B46EB000BE477 /* CrowdsourceView.swift */; };
		E242FD6A2B9B4E78000BE477 /* UserData.swift in Sources */ = {isa = PBXBuildFile; fileRef = E242FD692B9B4E78000BE477 /* UserData.swift */; };
		E2437FF32BAA32E900B97CF8 /* TrackJourneyViews.swift in Sources */ = {isa = PBXBuildFile; fileRef = E2437FF22BAA32E900B97CF8 /* TrackJourneyViews.swift */; };
		E2437FF62BAA477600B97CF8 /* JourneyManager.swift in Sources */ = {isa = PBXBuildFile; fileRef = E2437FF52BAA477600B97CF8 /* JourneyManager.swift */; };
		E2438F1E2B25D82B00BBF345 /* Accessibility+GoTravel.swift in Sources */ = {isa = PBXBuildFile; fileRef = E2438F1D2B25D82B00BBF345 /* Accessibility+GoTravel.swift */; };
		E2438F202B26195100BBF345 /* AccessibilityHelper.swift in Sources */ = {isa = PBXBuildFile; fileRef = E2438F1F2B26195100BBF345 /* AccessibilityHelper.swift */; };
		E253C3692BACC62000D9BD15 /* TrackJourneyButton.swift in Sources */ = {isa = PBXBuildFile; fileRef = E253C3682BACC62000D9BD15 /* TrackJourneyButton.swift */; };
		E253C36B2BACC75600D9BD15 /* SavedJourneyList.swift in Sources */ = {isa = PBXBuildFile; fileRef = E253C36A2BACC75600D9BD15 /* SavedJourneyList.swift */; };
		E253C36D2BACE45B00D9BD15 /* SavedJourneyView.swift in Sources */ = {isa = PBXBuildFile; fileRef = E253C36C2BACE45B00D9BD15 /* SavedJourneyView.swift */; };
		E253C36F2BACE9CD00D9BD15 /* SavedJourneyData.swift in Sources */ = {isa = PBXBuildFile; fileRef = E253C36E2BACE9CD00D9BD15 /* SavedJourneyData.swift */; };
		E25572082B33B28200988348 /* MapSearchSheetView.swift in Sources */ = {isa = PBXBuildFile; fileRef = E25572072B33B28200988348 /* MapSearchSheetView.swift */; };
		E255723E2B33BAB900988348 /* Media.xcassets in Resources */ = {isa = PBXBuildFile; fileRef = E255720F2B33BAB900988348 /* Media.xcassets */; };
		E255723F2B33BAB900988348 /* BottomSheet+Resizable.swift in Sources */ = {isa = PBXBuildFile; fileRef = E25572112B33BAB900988348 /* BottomSheet+Resizable.swift */; };
		E25572402B33BAB900988348 /* BottomSheet+AccountingForKeyboardHeight.swift in Sources */ = {isa = PBXBuildFile; fileRef = E25572122B33BAB900988348 /* BottomSheet+AccountingForKeyboardHeight.swift */; };
		E25572412B33BAB900988348 /* BottomSheet+AppleScrollBehavior.swift in Sources */ = {isa = PBXBuildFile; fileRef = E25572132B33BAB900988348 /* BottomSheet+AppleScrollBehavior.swift */; };
		E25572422B33BAB900988348 /* BottomSheet+DragIndicator.swift in Sources */ = {isa = PBXBuildFile; fileRef = E25572142B33BAB900988348 /* BottomSheet+DragIndicator.swift */; };
		E25572432B33BAB900988348 /* BottomSheet+FloatingIPadSheet.swift in Sources */ = {isa = PBXBuildFile; fileRef = E25572152B33BAB900988348 /* BottomSheet+FloatingIPadSheet.swift */; };
		E25572442B33BAB900988348 /* BottomSheet+Threshold.swift in Sources */ = {isa = PBXBuildFile; fileRef = E25572162B33BAB900988348 /* BottomSheet+Threshold.swift */; };
		E25572452B33BAB900988348 /* BottomSheet+TapToDismiss.swift in Sources */ = {isa = PBXBuildFile; fileRef = E25572172B33BAB900988348 /* BottomSheet+TapToDismiss.swift */; };
		E25572462B33BAB900988348 /* BottomSheet+ContentDrag.swift in Sources */ = {isa = PBXBuildFile; fileRef = E25572182B33BAB900988348 /* BottomSheet+ContentDrag.swift */; };
		E25572472B33BAB900988348 /* BottomSheet+CustomAnimation.swift in Sources */ = {isa = PBXBuildFile; fileRef = E25572192B33BAB900988348 /* BottomSheet+CustomAnimation.swift */; };
		E25572482B33BAB900988348 /* BottomSheet+DragGesture.swift in Sources */ = {isa = PBXBuildFile; fileRef = E255721A2B33BAB900988348 /* BottomSheet+DragGesture.swift */; };
		E25572492B33BAB900988348 /* BottomSheet+FlickThrough.swift in Sources */ = {isa = PBXBuildFile; fileRef = E255721B2B33BAB900988348 /* BottomSheet+FlickThrough.swift */; };
		E255724A2B33BAB900988348 /* BottomSheet+OnDismiss.swift in Sources */ = {isa = PBXBuildFile; fileRef = E255721C2B33BAB900988348 /* BottomSheet+OnDismiss.swift */; };
		E255724B2B33BAB900988348 /* BottomSheet+SwipeToDismiss.swift in Sources */ = {isa = PBXBuildFile; fileRef = E255721D2B33BAB900988348 /* BottomSheet+SwipeToDismiss.swift */; };
		E255724C2B33BAB900988348 /* BottomSheet+BackgroundBlur.swift in Sources */ = {isa = PBXBuildFile; fileRef = E255721E2B33BAB900988348 /* BottomSheet+BackgroundBlur.swift */; };
		E255724D2B33BAB900988348 /* BottomSheet+CustomBackground.swift in Sources */ = {isa = PBXBuildFile; fileRef = E255721F2B33BAB900988348 /* BottomSheet+CustomBackground.swift */; };
		E255724E2B33BAB900988348 /* BottomSheet+SheetWidth.swift in Sources */ = {isa = PBXBuildFile; fileRef = E25572202B33BAB900988348 /* BottomSheet+SheetWidth.swift */; };
		E255724F2B33BAB900988348 /* BottomSheet+CustomBackground+iOS15.swift in Sources */ = {isa = PBXBuildFile; fileRef = E25572212B33BAB900988348 /* BottomSheet+CustomBackground+iOS15.swift */; };
		E25572502B33BAB900988348 /* BottomSheet+CloseButton.swift in Sources */ = {isa = PBXBuildFile; fileRef = E25572222B33BAB900988348 /* BottomSheet+CloseButton.swift */; };
		E25572512B33BAB900988348 /* BottomSheetWidth.swift in Sources */ = {isa = PBXBuildFile; fileRef = E25572242B33BAB900988348 /* BottomSheetWidth.swift */; };
		E25572522B33BAB900988348 /* BottomSheetPosition.swift in Sources */ = {isa = PBXBuildFile; fileRef = E25572252B33BAB900988348 /* BottomSheetPosition.swift */; };
		E25572532B33BAB900988348 /* BottomSheetConfiguration.swift in Sources */ = {isa = PBXBuildFile; fileRef = E25572262B33BAB900988348 /* BottomSheetConfiguration.swift */; };
		E25572542B33BAB900988348 /* BottomSheet.swift in Sources */ = {isa = PBXBuildFile; fileRef = E25572272B33BAB900988348 /* BottomSheet.swift */; };
		E25572552B33BAB900988348 /* BottomSheetView+Calculations.swift in Sources */ = {isa = PBXBuildFile; fileRef = E25572292B33BAB900988348 /* BottomSheetView+Calculations.swift */; };
		E25572562B33BAB900988348 /* BottomSheetView+HelperViews.swift in Sources */ = {isa = PBXBuildFile; fileRef = E255722A2B33BAB900988348 /* BottomSheetView+HelperViews.swift */; };
		E25572572B33BAB900988348 /* BottomSheetView+Gestures.swift in Sources */ = {isa = PBXBuildFile; fileRef = E255722B2B33BAB900988348 /* BottomSheetView+Gestures.swift */; };
		E25572582B33BAB900988348 /* BottomSheetView.swift in Sources */ = {isa = PBXBuildFile; fileRef = E255722C2B33BAB900988348 /* BottomSheetView.swift */; };
		E25572592B33BAB900988348 /* BottomSheetView+KeyboardHeight.swift in Sources */ = {isa = PBXBuildFile; fileRef = E255722D2B33BAB900988348 /* BottomSheetView+KeyboardHeight.swift */; };
		E255725A2B33BAB900988348 /* BottomSheetView+DragIndicatorAction.swift in Sources */ = {isa = PBXBuildFile; fileRef = E255722E2B33BAB900988348 /* BottomSheetView+DragIndicatorAction.swift */; };
		E255725B2B33BAB900988348 /* BottomSheetView+SwitchPosition.swift in Sources */ = {isa = PBXBuildFile; fileRef = E255722F2B33BAB900988348 /* BottomSheetView+SwitchPosition.swift */; };
		E255725C2B33BAB900988348 /* DragGestureExtension.swift in Sources */ = {isa = PBXBuildFile; fileRef = E25572322B33BAB900988348 /* DragGestureExtension.swift */; };
		E255725D2B33BAB900988348 /* UIScrollViewWrapper.swift in Sources */ = {isa = PBXBuildFile; fileRef = E25572332B33BAB900988348 /* UIScrollViewWrapper.swift */; };
		E255725E2B33BAB900988348 /* TimerAnimation.swift in Sources */ = {isa = PBXBuildFile; fileRef = E25572342B33BAB900988348 /* TimerAnimation.swift */; };
		E255725F2B33BAB900988348 /* UIApplicationExtension.swift in Sources */ = {isa = PBXBuildFile; fileRef = E25572362B33BAB900988348 /* UIApplicationExtension.swift */; };
		E25572602B33BAB900988348 /* BundleExtension.swift in Sources */ = {isa = PBXBuildFile; fileRef = E25572372B33BAB900988348 /* BundleExtension.swift */; };
		E25572612B33BAB900988348 /* ColorExtension.swift in Sources */ = {isa = PBXBuildFile; fileRef = E25572382B33BAB900988348 /* ColorExtension.swift */; };
		E25572622B33BAB900988348 /* VisualEffectView.swift in Sources */ = {isa = PBXBuildFile; fileRef = E255723A2B33BAB900988348 /* VisualEffectView.swift */; };
		E25572632B33BAB900988348 /* RoundedCornerViewModifier.swift in Sources */ = {isa = PBXBuildFile; fileRef = E255723C2B33BAB900988348 /* RoundedCornerViewModifier.swift */; };
		E25572642B33BAB900988348 /* IgnoresSafeAreaCompatible.swift in Sources */ = {isa = PBXBuildFile; fileRef = E255723D2B33BAB900988348 /* IgnoresSafeAreaCompatible.swift */; };
		E266110C2B920321003F55C2 /* CustomNavigationTitle.swift in Sources */ = {isa = PBXBuildFile; fileRef = E266110B2B920321003F55C2 /* CustomNavigationTitle.swift */; };
		E266110E2B9222A3003F55C2 /* RelationshipsView.swift in Sources */ = {isa = PBXBuildFile; fileRef = E266110D2B9222A3003F55C2 /* RelationshipsView.swift */; };
		E26611102B924219003F55C2 /* UserSearchView.swift in Sources */ = {isa = PBXBuildFile; fileRef = E266110F2B924219003F55C2 /* UserSearchView.swift */; };
		E26905EB2B669ED000CC1271 /* JourneyPlannerPage.swift in Sources */ = {isa = PBXBuildFile; fileRef = E26905EA2B669ED000CC1271 /* JourneyPlannerPage.swift */; };
		E269388F2B768CD900738C6D /* JourneyMapView.swift in Sources */ = {isa = PBXBuildFile; fileRef = E269388E2B768CD900738C6D /* JourneyMapView.swift */; };
		E26938912B76BCBF00738C6D /* SingleAxisGeoReader.swift in Sources */ = {isa = PBXBuildFile; fileRef = E26938902B76BCBF00738C6D /* SingleAxisGeoReader.swift */; };
		E26938932B76C2E400738C6D /* JourneyLeg+GoTravel.swift in Sources */ = {isa = PBXBuildFile; fileRef = E26938922B76C2E400738C6D /* JourneyLeg+GoTravel.swift */; };
		E26988762B35D2E10097B8EF /* WrappingHStack in Frameworks */ = {isa = PBXBuildFile; productRef = E26988752B35D2E10097B8EF /* WrappingHStack */; };
		E269C7682B5DE6DC00C78BCE /* StopPointInfoView.swift in Sources */ = {isa = PBXBuildFile; fileRef = E269C7672B5DE6DC00C78BCE /* StopPointInfoView.swift */; };
		E26B5A692B9130E4001DD548 /* CommunityPageHeader.swift in Sources */ = {isa = PBXBuildFile; fileRef = E26B5A682B9130E4001DD548 /* CommunityPageHeader.swift */; };
		E273078B2AD1FCAD0060FF99 /* NotificationCenter+GoTravel.swift in Sources */ = {isa = PBXBuildFile; fileRef = E273078A2AD1FCAD0060FF99 /* NotificationCenter+GoTravel.swift */; };
		E273078F2AD20A4E0060FF99 /* Strings.swift in Sources */ = {isa = PBXBuildFile; fileRef = E273078E2AD20A4E0060FF99 /* Strings.swift */; };
		E280F6552B13ADC100563D7E /* String+GoTravel.swift in Sources */ = {isa = PBXBuildFile; fileRef = E280F6542B13ADC100563D7E /* String+GoTravel.swift */; };
		E283D3822AC23316008ECF81 /* GoLondonApp.swift in Sources */ = {isa = PBXBuildFile; fileRef = E283D3812AC23316008ECF81 /* GoLondonApp.swift */; };
		E283D3842AC23316008ECF81 /* ContentView.swift in Sources */ = {isa = PBXBuildFile; fileRef = E283D3832AC23316008ECF81 /* ContentView.swift */; };
		E283D3862AC23318008ECF81 /* Assets.xcassets in Resources */ = {isa = PBXBuildFile; fileRef = E283D3852AC23318008ECF81 /* Assets.xcassets */; };
		E283D3892AC23318008ECF81 /* Preview Assets.xcassets in Resources */ = {isa = PBXBuildFile; fileRef = E283D3882AC23318008ECF81 /* Preview Assets.xcassets */; };
		E28DC2B02B1F62B900E2FECE /* GoTravel.CoreData in Frameworks */ = {isa = PBXBuildFile; productRef = E28DC2AF2B1F62B900E2FECE /* GoTravel.CoreData */; };
		E28DC2B32B1FE44900E2FECE /* GoTravel.Models in Frameworks */ = {isa = PBXBuildFile; productRef = E28DC2B22B1FE44900E2FECE /* GoTravel.Models */; };
		E28DC2B62B1FE5DE00E2FECE /* GoTravel.API in Frameworks */ = {isa = PBXBuildFile; productRef = E28DC2B52B1FE5DE00E2FECE /* GoTravel.API */; };
		E28DC2B82B1FE6D500E2FECE /* LineModeFilterView.swift in Sources */ = {isa = PBXBuildFile; fileRef = E28DC2B72B1FE6D500E2FECE /* LineModeFilterView.swift */; };
		E28DC2BA2B1FE73700E2FECE /* MapControlButtonStyle.swift in Sources */ = {isa = PBXBuildFile; fileRef = E28DC2B92B1FE73700E2FECE /* MapControlButtonStyle.swift */; };
		E28DC2BC2B1FE7CA00E2FECE /* SwiftUI+GoTravel.swift in Sources */ = {isa = PBXBuildFile; fileRef = E28DC2BB2B1FE7CA00E2FECE /* SwiftUI+GoTravel.swift */; };
		E28DC2BF2B2107D900E2FECE /* LineModeFilterViewModel.swift in Sources */ = {isa = PBXBuildFile; fileRef = E28DC2BE2B2107D900E2FECE /* LineModeFilterViewModel.swift */; };
		E28DC2C12B210C1100E2FECE /* LineModeCache+GoTravel.swift in Sources */ = {isa = PBXBuildFile; fileRef = E28DC2C02B210C1100E2FECE /* LineModeCache+GoTravel.swift */; };
		E28DC2C52B210E5500E2FECE /* LineMode+Cache.swift in Sources */ = {isa = PBXBuildFile; fileRef = E28DC2C42B210E5500E2FECE /* LineMode+Cache.swift */; };
		E28F814B2B9CBC55009953EB /* SubmitCrowdsourceView.swift in Sources */ = {isa = PBXBuildFile; fileRef = E28F814A2B9CBC55009953EB /* SubmitCrowdsourceView.swift */; };
		E28F814E2B9CC41B009953EB /* SubmitCrowdsourceViewModel.swift in Sources */ = {isa = PBXBuildFile; fileRef = E28F814D2B9CC41B009953EB /* SubmitCrowdsourceViewModel.swift */; };
		E29848C12AC6FB83004A5BDC /* HomeMapPage.swift in Sources */ = {isa = PBXBuildFile; fileRef = E29848C02AC6FB83004A5BDC /* HomeMapPage.swift */; };
		E2B3590F2B935B12002DE211 /* UserRowView.swift in Sources */ = {isa = PBXBuildFile; fileRef = E2B3590E2B935B12002DE211 /* UserRowView.swift */; };
		E2B6BAAC2BB993B9001060DD /* UnsavedJourneysView.swift in Sources */ = {isa = PBXBuildFile; fileRef = E2B6BAAB2BB993B9001060DD /* UnsavedJourneysView.swift */; };
		E2BF5D712AD35A8E00261261 /* StopPointMarkerView.swift in Sources */ = {isa = PBXBuildFile; fileRef = E2BF5D702AD35A8E00261261 /* StopPointMarkerView.swift */; };
		E2BF5D732AD3629500261261 /* LineMode+GoTravel.swift in Sources */ = {isa = PBXBuildFile; fileRef = E2BF5D722AD3629500261261 /* LineMode+GoTravel.swift */; };
		E2BF5D752AD3634700261261 /* Color+GoTravel.swift in Sources */ = {isa = PBXBuildFile; fileRef = E2BF5D742AD3634700261261 /* Color+GoTravel.swift */; };
		E2BF5D772AD3641100261261 /* StopPoint+GoTravel.swift in Sources */ = {isa = PBXBuildFile; fileRef = E2BF5D762AD3641100261261 /* StopPoint+GoTravel.swift */; };
		E2CFBAA12AC89EC200662DC1 /* LocationNeededBanner.swift in Sources */ = {isa = PBXBuildFile; fileRef = E2CFBAA02AC89EC200662DC1 /* LocationNeededBanner.swift */; };
		E2CFD9932AFA8233008A6726 /* AppData.swift in Sources */ = {isa = PBXBuildFile; fileRef = E2CFD9922AFA8233008A6726 /* AppData.swift */; };
		E2D3E8542BB4DACB003FBFF1 /* SubmitTripView.swift in Sources */ = {isa = PBXBuildFile; fileRef = E2D3E8532BB4DACA003FBFF1 /* SubmitTripView.swift */; };
		E2D3E8572BB4E12E003FBFF1 /* CompactSlider in Frameworks */ = {isa = PBXBuildFile; productRef = E2D3E8562BB4E12E003FBFF1 /* CompactSlider */; };
		E2D3E8592BB4E328003FBFF1 /* RangedSlider.swift in Sources */ = {isa = PBXBuildFile; fileRef = E2D3E8582BB4E328003FBFF1 /* RangedSlider.swift */; };
		E2D3E85B2BB62E94003FBFF1 /* LineSearchView.swift in Sources */ = {isa = PBXBuildFile; fileRef = E2D3E85A2BB62E94003FBFF1 /* LineSearchView.swift */; };
		E2E5119F2B57043A003BE56E /* StopPointPage.swift in Sources */ = {isa = PBXBuildFile; fileRef = E2E5119E2B57043A003BE56E /* StopPointPage.swift */; };
		E2E511A22B572933003BE56E /* StopPointViewModel.swift in Sources */ = {isa = PBXBuildFile; fileRef = E2E511A12B572933003BE56E /* StopPointViewModel.swift */; };
		E2E511A52B59ADDB003BE56E /* LineModesView.swift in Sources */ = {isa = PBXBuildFile; fileRef = E2E511A42B59ADDB003BE56E /* LineModesView.swift */; };
		E2E511A72B59EB53003BE56E /* StopArrivalsView.swift in Sources */ = {isa = PBXBuildFile; fileRef = E2E511A62B59EB53003BE56E /* StopArrivalsView.swift */; };
		E2E511A92B59EF78003BE56E /* Date+GoTravel.swift in Sources */ = {isa = PBXBuildFile; fileRef = E2E511A82B59EF78003BE56E /* Date+GoTravel.swift */; };
		E2E673982B6E90D900361118 /* BusLoading.lottie in Resources */ = {isa = PBXBuildFile; fileRef = E2E673972B6E90D900361118 /* BusLoading.lottie */; };
		E2E6739D2B6FC14700361118 /* ExitButtonVIew.swift in Sources */ = {isa = PBXBuildFile; fileRef = E2E6739C2B6FC14700361118 /* ExitButtonVIew.swift */; };
		E2E6739F2B71321300361118 /* JourneyOptionsSheet.swift in Sources */ = {isa = PBXBuildFile; fileRef = E2E6739E2B71321300361118 /* JourneyOptionsSheet.swift */; };
		E2E673A12B71376200361118 /* RadioToggleStyle.swift in Sources */ = {isa = PBXBuildFile; fileRef = E2E673A02B71376100361118 /* RadioToggleStyle.swift */; };
		E2E673A32B72D86500361118 /* JourneyDetailPage.swift in Sources */ = {isa = PBXBuildFile; fileRef = E2E673A22B72D86500361118 /* JourneyDetailPage.swift */; };
		E2EAF2432B7969C900CB5CA4 /* PostSignupView.swift in Sources */ = {isa = PBXBuildFile; fileRef = E2EAF2422B7969C800CB5CA4 /* PostSignupView.swift */; };
		E2F9415B2AD2C2A10047EA04 /* GlobalViewModel.swift in Sources */ = {isa = PBXBuildFile; fileRef = E2F9415A2AD2C2A10047EA04 /* GlobalViewModel.swift */; };
		E2F9415D2AD2C3A60047EA04 /* NavigationPath+GoTravel.swift in Sources */ = {isa = PBXBuildFile; fileRef = E2F9415C2AD2C3A60047EA04 /* NavigationPath+GoTravel.swift */; };
		E2F9415F2AD30A3F0047EA04 /* Localizable.xcstrings in Resources */ = {isa = PBXBuildFile; fileRef = E2F9415E2AD30A3F0047EA04 /* Localizable.xcstrings */; };
		E2FA5C3B2AF8240500DCE810 /* SearchHereTip.swift in Sources */ = {isa = PBXBuildFile; fileRef = E2FA5C3A2AF8240500DCE810 /* SearchHereTip.swift */; };
/* End PBXBuildFile section */

/* Begin PBXCopyFilesBuildPhase section */
		E28DC2A02B1F56F600E2FECE /* Embed Frameworks */ = {
			isa = PBXCopyFilesBuildPhase;
			buildActionMask = 2147483647;
			dstPath = "";
			dstSubfolderSpec = 10;
			files = (
			);
			name = "Embed Frameworks";
			runOnlyForDeploymentPostprocessing = 0;
		};
/* End PBXCopyFilesBuildPhase section */

/* Begin PBXFileReference section */
		E2000C172AC821D3003D01A9 /* StopMapViewModel.swift */ = {isa = PBXFileReference; lastKnownFileType = sourcecode.swift; path = StopMapViewModel.swift; sourceTree = "<group>"; };
		E2000C1A2AC82799003D01A9 /* LocationManager.swift */ = {isa = PBXFileReference; lastKnownFileType = sourcecode.swift; path = LocationManager.swift; sourceTree = "<group>"; };
		E2000C1F2AC82C97003D01A9 /* Info.plist */ = {isa = PBXFileReference; lastKnownFileType = text.plist; path = Info.plist; sourceTree = "<group>"; };
		E20CD6312B74245F00459104 /* JourneyData.swift */ = {isa = PBXFileReference; lastKnownFileType = sourcecode.swift; path = JourneyData.swift; sourceTree = "<group>"; };
		E22DBC3C2B5B227800276034 /* PlatformArrivals+GoTravel.swift */ = {isa = PBXFileReference; lastKnownFileType = sourcecode.swift; path = "PlatformArrivals+GoTravel.swift"; sourceTree = "<group>"; };
		E22DBC3E2B5BEA8100276034 /* GaugeTimerView.swift */ = {isa = PBXFileReference; lastKnownFileType = sourcecode.swift; path = GaugeTimerView.swift; sourceTree = "<group>"; };
		E23027AC2B69775D00DC1D54 /* JourneyPlannerViewModel.swift */ = {isa = PBXFileReference; lastKnownFileType = sourcecode.swift; path = JourneyPlannerViewModel.swift; sourceTree = "<group>"; };
		E23027AE2B6D41D400DC1D54 /* JourneyTimeSelectSheet.swift */ = {isa = PBXFileReference; lastKnownFileType = sourcecode.swift; path = JourneyTimeSelectSheet.swift; sourceTree = "<group>"; };
		E23027B02B6D41F100DC1D54 /* JourneyLocationSearchSheet.swift */ = {isa = PBXFileReference; lastKnownFileType = sourcecode.swift; path = JourneyLocationSearchSheet.swift; sourceTree = "<group>"; };
		E23027B22B6D445200DC1D54 /* JourneyResultsView.swift */ = {isa = PBXFileReference; lastKnownFileType = sourcecode.swift; path = JourneyResultsView.swift; sourceTree = "<group>"; };
		E23027B42B6D534C00DC1D54 /* Journey+GoTravel.swift */ = {isa = PBXFileReference; lastKnownFileType = sourcecode.swift; path = "Journey+GoTravel.swift"; sourceTree = "<group>"; };
		E23094002B82261300C67D96 /* CommunityPage.swift */ = {isa = PBXFileReference; lastKnownFileType = sourcecode.swift; path = CommunityPage.swift; sourceTree = "<group>"; };
		E23094032B8226A800C67D96 /* CommunityNotLoggedInView.swift */ = {isa = PBXFileReference; lastKnownFileType = sourcecode.swift; path = CommunityNotLoggedInView.swift; sourceTree = "<group>"; };
		E23094052B82532D00C67D96 /* CurrentUser+GoTravel.swift */ = {isa = PBXFileReference; lastKnownFileType = sourcecode.swift; path = "CurrentUser+GoTravel.swift"; sourceTree = "<group>"; };
		E2311A762B7EA48800D7DCD4 /* PostSignupViewModel.swift */ = {isa = PBXFileReference; lastKnownFileType = sourcecode.swift; path = PostSignupViewModel.swift; sourceTree = "<group>"; };
		E238EF712B782DEA00DC8E84 /* LoginView.swift */ = {isa = PBXFileReference; lastKnownFileType = sourcecode.swift; path = LoginView.swift; sourceTree = "<group>"; };
		E238EF762B78349100DC8E84 /* AuthPage.swift */ = {isa = PBXFileReference; lastKnownFileType = sourcecode.swift; path = AuthPage.swift; sourceTree = "<group>"; };
		E238EF782B78380C00DC8E84 /* GoTravel.entitlements */ = {isa = PBXFileReference; lastKnownFileType = text.plist.entitlements; path = GoTravel.entitlements; sourceTree = "<group>"; };
		E238EF792B78FA6600DC8E84 /* SignUpView.swift */ = {isa = PBXFileReference; lastKnownFileType = sourcecode.swift; path = SignUpView.swift; sourceTree = "<group>"; };
		E238EF7B2B79011500DC8E84 /* AuthTextField.swift */ = {isa = PBXFileReference; lastKnownFileType = sourcecode.swift; path = AuthTextField.swift; sourceTree = "<group>"; };
		E238EF7E2B79330C00DC8E84 /* SignInViewModel.swift */ = {isa = PBXFileReference; lastKnownFileType = sourcecode.swift; path = SignInViewModel.swift; sourceTree = "<group>"; };
		E238EF802B79331600DC8E84 /* SignupViewModel.swift */ = {isa = PBXFileReference; lastKnownFileType = sourcecode.swift; path = SignupViewModel.swift; sourceTree = "<group>"; };
		E242FD672B9B46EB000BE477 /* CrowdsourceView.swift */ = {isa = PBXFileReference; lastKnownFileType = sourcecode.swift; path = CrowdsourceView.swift; sourceTree = "<group>"; };
		E242FD692B9B4E78000BE477 /* UserData.swift */ = {isa = PBXFileReference; lastKnownFileType = sourcecode.swift; path = UserData.swift; sourceTree = "<group>"; };
		E2437FF22BAA32E900B97CF8 /* TrackJourneyViews.swift */ = {isa = PBXFileReference; lastKnownFileType = sourcecode.swift; path = TrackJourneyViews.swift; sourceTree = "<group>"; };
		E2437FF42BAA41D000B97CF8 /* Online GPX Editor.gpx */ = {isa = PBXFileReference; lastKnownFileType = text.xml; path = "Online GPX Editor.gpx"; sourceTree = "<group>"; };
		E2437FF52BAA477600B97CF8 /* JourneyManager.swift */ = {isa = PBXFileReference; lastKnownFileType = sourcecode.swift; path = JourneyManager.swift; sourceTree = "<group>"; };
		E2438F1D2B25D82B00BBF345 /* Accessibility+GoTravel.swift */ = {isa = PBXFileReference; lastKnownFileType = sourcecode.swift; path = "Accessibility+GoTravel.swift"; sourceTree = "<group>"; };
		E2438F1F2B26195100BBF345 /* AccessibilityHelper.swift */ = {isa = PBXFileReference; lastKnownFileType = sourcecode.swift; path = AccessibilityHelper.swift; sourceTree = "<group>"; };
		E253C3682BACC62000D9BD15 /* TrackJourneyButton.swift */ = {isa = PBXFileReference; lastKnownFileType = sourcecode.swift; path = TrackJourneyButton.swift; sourceTree = "<group>"; };
		E253C36A2BACC75600D9BD15 /* SavedJourneyList.swift */ = {isa = PBXFileReference; lastKnownFileType = sourcecode.swift; path = SavedJourneyList.swift; sourceTree = "<group>"; };
		E253C36C2BACE45B00D9BD15 /* SavedJourneyView.swift */ = {isa = PBXFileReference; lastKnownFileType = sourcecode.swift; path = SavedJourneyView.swift; sourceTree = "<group>"; };
		E253C36E2BACE9CD00D9BD15 /* SavedJourneyData.swift */ = {isa = PBXFileReference; lastKnownFileType = sourcecode.swift; path = SavedJourneyData.swift; sourceTree = "<group>"; };
		E25572072B33B28200988348 /* MapSearchSheetView.swift */ = {isa = PBXFileReference; lastKnownFileType = sourcecode.swift; path = MapSearchSheetView.swift; sourceTree = "<group>"; };
		E255720F2B33BAB900988348 /* Media.xcassets */ = {isa = PBXFileReference; lastKnownFileType = folder.assetcatalog; path = Media.xcassets; sourceTree = "<group>"; };
		E25572112B33BAB900988348 /* BottomSheet+Resizable.swift */ = {isa = PBXFileReference; fileEncoding = 4; lastKnownFileType = sourcecode.swift; path = "BottomSheet+Resizable.swift"; sourceTree = "<group>"; };
		E25572122B33BAB900988348 /* BottomSheet+AccountingForKeyboardHeight.swift */ = {isa = PBXFileReference; fileEncoding = 4; lastKnownFileType = sourcecode.swift; path = "BottomSheet+AccountingForKeyboardHeight.swift"; sourceTree = "<group>"; };
		E25572132B33BAB900988348 /* BottomSheet+AppleScrollBehavior.swift */ = {isa = PBXFileReference; fileEncoding = 4; lastKnownFileType = sourcecode.swift; path = "BottomSheet+AppleScrollBehavior.swift"; sourceTree = "<group>"; };
		E25572142B33BAB900988348 /* BottomSheet+DragIndicator.swift */ = {isa = PBXFileReference; fileEncoding = 4; lastKnownFileType = sourcecode.swift; path = "BottomSheet+DragIndicator.swift"; sourceTree = "<group>"; };
		E25572152B33BAB900988348 /* BottomSheet+FloatingIPadSheet.swift */ = {isa = PBXFileReference; fileEncoding = 4; lastKnownFileType = sourcecode.swift; path = "BottomSheet+FloatingIPadSheet.swift"; sourceTree = "<group>"; };
		E25572162B33BAB900988348 /* BottomSheet+Threshold.swift */ = {isa = PBXFileReference; fileEncoding = 4; lastKnownFileType = sourcecode.swift; path = "BottomSheet+Threshold.swift"; sourceTree = "<group>"; };
		E25572172B33BAB900988348 /* BottomSheet+TapToDismiss.swift */ = {isa = PBXFileReference; fileEncoding = 4; lastKnownFileType = sourcecode.swift; path = "BottomSheet+TapToDismiss.swift"; sourceTree = "<group>"; };
		E25572182B33BAB900988348 /* BottomSheet+ContentDrag.swift */ = {isa = PBXFileReference; fileEncoding = 4; lastKnownFileType = sourcecode.swift; path = "BottomSheet+ContentDrag.swift"; sourceTree = "<group>"; };
		E25572192B33BAB900988348 /* BottomSheet+CustomAnimation.swift */ = {isa = PBXFileReference; fileEncoding = 4; lastKnownFileType = sourcecode.swift; path = "BottomSheet+CustomAnimation.swift"; sourceTree = "<group>"; };
		E255721A2B33BAB900988348 /* BottomSheet+DragGesture.swift */ = {isa = PBXFileReference; fileEncoding = 4; lastKnownFileType = sourcecode.swift; path = "BottomSheet+DragGesture.swift"; sourceTree = "<group>"; };
		E255721B2B33BAB900988348 /* BottomSheet+FlickThrough.swift */ = {isa = PBXFileReference; fileEncoding = 4; lastKnownFileType = sourcecode.swift; path = "BottomSheet+FlickThrough.swift"; sourceTree = "<group>"; };
		E255721C2B33BAB900988348 /* BottomSheet+OnDismiss.swift */ = {isa = PBXFileReference; fileEncoding = 4; lastKnownFileType = sourcecode.swift; path = "BottomSheet+OnDismiss.swift"; sourceTree = "<group>"; };
		E255721D2B33BAB900988348 /* BottomSheet+SwipeToDismiss.swift */ = {isa = PBXFileReference; fileEncoding = 4; lastKnownFileType = sourcecode.swift; path = "BottomSheet+SwipeToDismiss.swift"; sourceTree = "<group>"; };
		E255721E2B33BAB900988348 /* BottomSheet+BackgroundBlur.swift */ = {isa = PBXFileReference; fileEncoding = 4; lastKnownFileType = sourcecode.swift; path = "BottomSheet+BackgroundBlur.swift"; sourceTree = "<group>"; };
		E255721F2B33BAB900988348 /* BottomSheet+CustomBackground.swift */ = {isa = PBXFileReference; fileEncoding = 4; lastKnownFileType = sourcecode.swift; path = "BottomSheet+CustomBackground.swift"; sourceTree = "<group>"; };
		E25572202B33BAB900988348 /* BottomSheet+SheetWidth.swift */ = {isa = PBXFileReference; fileEncoding = 4; lastKnownFileType = sourcecode.swift; path = "BottomSheet+SheetWidth.swift"; sourceTree = "<group>"; };
		E25572212B33BAB900988348 /* BottomSheet+CustomBackground+iOS15.swift */ = {isa = PBXFileReference; fileEncoding = 4; lastKnownFileType = sourcecode.swift; path = "BottomSheet+CustomBackground+iOS15.swift"; sourceTree = "<group>"; };
		E25572222B33BAB900988348 /* BottomSheet+CloseButton.swift */ = {isa = PBXFileReference; fileEncoding = 4; lastKnownFileType = sourcecode.swift; path = "BottomSheet+CloseButton.swift"; sourceTree = "<group>"; };
		E25572242B33BAB900988348 /* BottomSheetWidth.swift */ = {isa = PBXFileReference; fileEncoding = 4; lastKnownFileType = sourcecode.swift; path = BottomSheetWidth.swift; sourceTree = "<group>"; };
		E25572252B33BAB900988348 /* BottomSheetPosition.swift */ = {isa = PBXFileReference; fileEncoding = 4; lastKnownFileType = sourcecode.swift; path = BottomSheetPosition.swift; sourceTree = "<group>"; };
		E25572262B33BAB900988348 /* BottomSheetConfiguration.swift */ = {isa = PBXFileReference; fileEncoding = 4; lastKnownFileType = sourcecode.swift; path = BottomSheetConfiguration.swift; sourceTree = "<group>"; };
		E25572272B33BAB900988348 /* BottomSheet.swift */ = {isa = PBXFileReference; fileEncoding = 4; lastKnownFileType = sourcecode.swift; path = BottomSheet.swift; sourceTree = "<group>"; };
		E25572292B33BAB900988348 /* BottomSheetView+Calculations.swift */ = {isa = PBXFileReference; fileEncoding = 4; lastKnownFileType = sourcecode.swift; path = "BottomSheetView+Calculations.swift"; sourceTree = "<group>"; };
		E255722A2B33BAB900988348 /* BottomSheetView+HelperViews.swift */ = {isa = PBXFileReference; fileEncoding = 4; lastKnownFileType = sourcecode.swift; path = "BottomSheetView+HelperViews.swift"; sourceTree = "<group>"; };
		E255722B2B33BAB900988348 /* BottomSheetView+Gestures.swift */ = {isa = PBXFileReference; fileEncoding = 4; lastKnownFileType = sourcecode.swift; path = "BottomSheetView+Gestures.swift"; sourceTree = "<group>"; };
		E255722C2B33BAB900988348 /* BottomSheetView.swift */ = {isa = PBXFileReference; fileEncoding = 4; lastKnownFileType = sourcecode.swift; path = BottomSheetView.swift; sourceTree = "<group>"; };
		E255722D2B33BAB900988348 /* BottomSheetView+KeyboardHeight.swift */ = {isa = PBXFileReference; fileEncoding = 4; lastKnownFileType = sourcecode.swift; path = "BottomSheetView+KeyboardHeight.swift"; sourceTree = "<group>"; };
		E255722E2B33BAB900988348 /* BottomSheetView+DragIndicatorAction.swift */ = {isa = PBXFileReference; fileEncoding = 4; lastKnownFileType = sourcecode.swift; path = "BottomSheetView+DragIndicatorAction.swift"; sourceTree = "<group>"; };
		E255722F2B33BAB900988348 /* BottomSheetView+SwitchPosition.swift */ = {isa = PBXFileReference; fileEncoding = 4; lastKnownFileType = sourcecode.swift; path = "BottomSheetView+SwitchPosition.swift"; sourceTree = "<group>"; };
		E25572322B33BAB900988348 /* DragGestureExtension.swift */ = {isa = PBXFileReference; fileEncoding = 4; lastKnownFileType = sourcecode.swift; path = DragGestureExtension.swift; sourceTree = "<group>"; };
		E25572332B33BAB900988348 /* UIScrollViewWrapper.swift */ = {isa = PBXFileReference; fileEncoding = 4; lastKnownFileType = sourcecode.swift; path = UIScrollViewWrapper.swift; sourceTree = "<group>"; };
		E25572342B33BAB900988348 /* TimerAnimation.swift */ = {isa = PBXFileReference; fileEncoding = 4; lastKnownFileType = sourcecode.swift; path = TimerAnimation.swift; sourceTree = "<group>"; };
		E25572362B33BAB900988348 /* UIApplicationExtension.swift */ = {isa = PBXFileReference; fileEncoding = 4; lastKnownFileType = sourcecode.swift; path = UIApplicationExtension.swift; sourceTree = "<group>"; };
		E25572372B33BAB900988348 /* BundleExtension.swift */ = {isa = PBXFileReference; fileEncoding = 4; lastKnownFileType = sourcecode.swift; path = BundleExtension.swift; sourceTree = "<group>"; };
		E25572382B33BAB900988348 /* ColorExtension.swift */ = {isa = PBXFileReference; fileEncoding = 4; lastKnownFileType = sourcecode.swift; path = ColorExtension.swift; sourceTree = "<group>"; };
		E255723A2B33BAB900988348 /* VisualEffectView.swift */ = {isa = PBXFileReference; fileEncoding = 4; lastKnownFileType = sourcecode.swift; path = VisualEffectView.swift; sourceTree = "<group>"; };
		E255723C2B33BAB900988348 /* RoundedCornerViewModifier.swift */ = {isa = PBXFileReference; fileEncoding = 4; lastKnownFileType = sourcecode.swift; path = RoundedCornerViewModifier.swift; sourceTree = "<group>"; };
		E255723D2B33BAB900988348 /* IgnoresSafeAreaCompatible.swift */ = {isa = PBXFileReference; fileEncoding = 4; lastKnownFileType = sourcecode.swift; path = IgnoresSafeAreaCompatible.swift; sourceTree = "<group>"; };
		E266110B2B920321003F55C2 /* CustomNavigationTitle.swift */ = {isa = PBXFileReference; lastKnownFileType = sourcecode.swift; path = CustomNavigationTitle.swift; sourceTree = "<group>"; };
		E266110D2B9222A3003F55C2 /* RelationshipsView.swift */ = {isa = PBXFileReference; lastKnownFileType = sourcecode.swift; path = RelationshipsView.swift; sourceTree = "<group>"; };
		E266110F2B924219003F55C2 /* UserSearchView.swift */ = {isa = PBXFileReference; lastKnownFileType = sourcecode.swift; path = UserSearchView.swift; sourceTree = "<group>"; };
		E26905EA2B669ED000CC1271 /* JourneyPlannerPage.swift */ = {isa = PBXFileReference; lastKnownFileType = sourcecode.swift; path = JourneyPlannerPage.swift; sourceTree = "<group>"; };
		E269388E2B768CD900738C6D /* JourneyMapView.swift */ = {isa = PBXFileReference; lastKnownFileType = sourcecode.swift; path = JourneyMapView.swift; sourceTree = "<group>"; };
		E26938902B76BCBF00738C6D /* SingleAxisGeoReader.swift */ = {isa = PBXFileReference; lastKnownFileType = sourcecode.swift; path = SingleAxisGeoReader.swift; sourceTree = "<group>"; };
		E26938922B76C2E400738C6D /* JourneyLeg+GoTravel.swift */ = {isa = PBXFileReference; lastKnownFileType = sourcecode.swift; path = "JourneyLeg+GoTravel.swift"; sourceTree = "<group>"; };
		E269C7672B5DE6DC00C78BCE /* StopPointInfoView.swift */ = {isa = PBXFileReference; lastKnownFileType = sourcecode.swift; path = StopPointInfoView.swift; sourceTree = "<group>"; };
		E26B5A682B9130E4001DD548 /* CommunityPageHeader.swift */ = {isa = PBXFileReference; lastKnownFileType = sourcecode.swift; path = CommunityPageHeader.swift; sourceTree = "<group>"; };
		E273078A2AD1FCAD0060FF99 /* NotificationCenter+GoTravel.swift */ = {isa = PBXFileReference; lastKnownFileType = sourcecode.swift; path = "NotificationCenter+GoTravel.swift"; sourceTree = "<group>"; };
		E273078E2AD20A4E0060FF99 /* Strings.swift */ = {isa = PBXFileReference; lastKnownFileType = sourcecode.swift; path = Strings.swift; sourceTree = "<group>"; };
		E280F6542B13ADC100563D7E /* String+GoTravel.swift */ = {isa = PBXFileReference; lastKnownFileType = sourcecode.swift; path = "String+GoTravel.swift"; sourceTree = "<group>"; };
		E283D37E2AC23316008ECF81 /* GoTravel.app */ = {isa = PBXFileReference; explicitFileType = wrapper.application; includeInIndex = 0; path = GoTravel.app; sourceTree = BUILT_PRODUCTS_DIR; };
		E283D3812AC23316008ECF81 /* GoLondonApp.swift */ = {isa = PBXFileReference; lastKnownFileType = sourcecode.swift; path = GoLondonApp.swift; sourceTree = "<group>"; };
		E283D3832AC23316008ECF81 /* ContentView.swift */ = {isa = PBXFileReference; lastKnownFileType = sourcecode.swift; path = ContentView.swift; sourceTree = "<group>"; };
		E283D3852AC23318008ECF81 /* Assets.xcassets */ = {isa = PBXFileReference; lastKnownFileType = folder.assetcatalog; path = Assets.xcassets; sourceTree = "<group>"; };
		E283D3882AC23318008ECF81 /* Preview Assets.xcassets */ = {isa = PBXFileReference; lastKnownFileType = folder.assetcatalog; path = "Preview Assets.xcassets"; sourceTree = "<group>"; };
		E28DC2AC2B1F62AC00E2FECE /* GoTravel.CoreData */ = {isa = PBXFileReference; lastKnownFileType = wrapper; path = GoTravel.CoreData; sourceTree = "<group>"; };
		E28DC2B12B1FE42B00E2FECE /* GoTravel.Models */ = {isa = PBXFileReference; lastKnownFileType = wrapper; path = GoTravel.Models; sourceTree = "<group>"; };
		E28DC2B42B1FE45F00E2FECE /* GoTravel.API */ = {isa = PBXFileReference; lastKnownFileType = wrapper; path = GoTravel.API; sourceTree = "<group>"; };
		E28DC2B72B1FE6D500E2FECE /* LineModeFilterView.swift */ = {isa = PBXFileReference; lastKnownFileType = sourcecode.swift; path = LineModeFilterView.swift; sourceTree = "<group>"; };
		E28DC2B92B1FE73700E2FECE /* MapControlButtonStyle.swift */ = {isa = PBXFileReference; lastKnownFileType = sourcecode.swift; path = MapControlButtonStyle.swift; sourceTree = "<group>"; };
		E28DC2BB2B1FE7CA00E2FECE /* SwiftUI+GoTravel.swift */ = {isa = PBXFileReference; lastKnownFileType = sourcecode.swift; path = "SwiftUI+GoTravel.swift"; sourceTree = "<group>"; };
		E28DC2BE2B2107D900E2FECE /* LineModeFilterViewModel.swift */ = {isa = PBXFileReference; lastKnownFileType = sourcecode.swift; path = LineModeFilterViewModel.swift; sourceTree = "<group>"; };
		E28DC2C02B210C1100E2FECE /* LineModeCache+GoTravel.swift */ = {isa = PBXFileReference; lastKnownFileType = sourcecode.swift; path = "LineModeCache+GoTravel.swift"; sourceTree = "<group>"; };
		E28DC2C42B210E5500E2FECE /* LineMode+Cache.swift */ = {isa = PBXFileReference; lastKnownFileType = sourcecode.swift; path = "LineMode+Cache.swift"; sourceTree = "<group>"; };
		E28F814A2B9CBC55009953EB /* SubmitCrowdsourceView.swift */ = {isa = PBXFileReference; lastKnownFileType = sourcecode.swift; path = SubmitCrowdsourceView.swift; sourceTree = "<group>"; };
		E28F814D2B9CC41B009953EB /* SubmitCrowdsourceViewModel.swift */ = {isa = PBXFileReference; lastKnownFileType = sourcecode.swift; path = SubmitCrowdsourceViewModel.swift; sourceTree = "<group>"; };
		E29848C02AC6FB83004A5BDC /* HomeMapPage.swift */ = {isa = PBXFileReference; lastKnownFileType = sourcecode.swift; path = HomeMapPage.swift; sourceTree = "<group>"; };
		E2B3590E2B935B12002DE211 /* UserRowView.swift */ = {isa = PBXFileReference; lastKnownFileType = sourcecode.swift; path = UserRowView.swift; sourceTree = "<group>"; };
		E2B6BAAB2BB993B9001060DD /* UnsavedJourneysView.swift */ = {isa = PBXFileReference; lastKnownFileType = sourcecode.swift; path = UnsavedJourneysView.swift; sourceTree = "<group>"; };
		E2BF5D702AD35A8E00261261 /* StopPointMarkerView.swift */ = {isa = PBXFileReference; lastKnownFileType = sourcecode.swift; path = StopPointMarkerView.swift; sourceTree = "<group>"; };
		E2BF5D722AD3629500261261 /* LineMode+GoTravel.swift */ = {isa = PBXFileReference; lastKnownFileType = sourcecode.swift; path = "LineMode+GoTravel.swift"; sourceTree = "<group>"; };
		E2BF5D742AD3634700261261 /* Color+GoTravel.swift */ = {isa = PBXFileReference; lastKnownFileType = sourcecode.swift; path = "Color+GoTravel.swift"; sourceTree = "<group>"; };
		E2BF5D762AD3641100261261 /* StopPoint+GoTravel.swift */ = {isa = PBXFileReference; lastKnownFileType = sourcecode.swift; path = "StopPoint+GoTravel.swift"; sourceTree = "<group>"; };
		E2CFBAA02AC89EC200662DC1 /* LocationNeededBanner.swift */ = {isa = PBXFileReference; lastKnownFileType = sourcecode.swift; path = LocationNeededBanner.swift; sourceTree = "<group>"; };
		E2CFD9922AFA8233008A6726 /* AppData.swift */ = {isa = PBXFileReference; lastKnownFileType = sourcecode.swift; path = AppData.swift; sourceTree = "<group>"; };
		E2D3E8532BB4DACA003FBFF1 /* SubmitTripView.swift */ = {isa = PBXFileReference; lastKnownFileType = sourcecode.swift; path = SubmitTripView.swift; sourceTree = "<group>"; };
		E2D3E8582BB4E328003FBFF1 /* RangedSlider.swift */ = {isa = PBXFileReference; lastKnownFileType = sourcecode.swift; path = RangedSlider.swift; sourceTree = "<group>"; };
		E2D3E85A2BB62E94003FBFF1 /* LineSearchView.swift */ = {isa = PBXFileReference; lastKnownFileType = sourcecode.swift; path = LineSearchView.swift; sourceTree = "<group>"; };
		E2E5119E2B57043A003BE56E /* StopPointPage.swift */ = {isa = PBXFileReference; lastKnownFileType = sourcecode.swift; path = StopPointPage.swift; sourceTree = "<group>"; };
		E2E511A12B572933003BE56E /* StopPointViewModel.swift */ = {isa = PBXFileReference; lastKnownFileType = sourcecode.swift; path = StopPointViewModel.swift; sourceTree = "<group>"; };
		E2E511A42B59ADDB003BE56E /* LineModesView.swift */ = {isa = PBXFileReference; lastKnownFileType = sourcecode.swift; path = LineModesView.swift; sourceTree = "<group>"; };
		E2E511A62B59EB53003BE56E /* StopArrivalsView.swift */ = {isa = PBXFileReference; lastKnownFileType = sourcecode.swift; path = StopArrivalsView.swift; sourceTree = "<group>"; };
		E2E511A82B59EF78003BE56E /* Date+GoTravel.swift */ = {isa = PBXFileReference; lastKnownFileType = sourcecode.swift; path = "Date+GoTravel.swift"; sourceTree = "<group>"; };
		E2E673972B6E90D900361118 /* BusLoading.lottie */ = {isa = PBXFileReference; lastKnownFileType = file; path = BusLoading.lottie; sourceTree = "<group>"; };
		E2E6739C2B6FC14700361118 /* ExitButtonVIew.swift */ = {isa = PBXFileReference; lastKnownFileType = sourcecode.swift; path = ExitButtonVIew.swift; sourceTree = "<group>"; };
		E2E6739E2B71321300361118 /* JourneyOptionsSheet.swift */ = {isa = PBXFileReference; lastKnownFileType = sourcecode.swift; path = JourneyOptionsSheet.swift; sourceTree = "<group>"; };
		E2E673A02B71376100361118 /* RadioToggleStyle.swift */ = {isa = PBXFileReference; lastKnownFileType = sourcecode.swift; path = RadioToggleStyle.swift; sourceTree = "<group>"; };
		E2E673A22B72D86500361118 /* JourneyDetailPage.swift */ = {isa = PBXFileReference; lastKnownFileType = sourcecode.swift; path = JourneyDetailPage.swift; sourceTree = "<group>"; };
		E2EAF2422B7969C800CB5CA4 /* PostSignupView.swift */ = {isa = PBXFileReference; lastKnownFileType = sourcecode.swift; path = PostSignupView.swift; sourceTree = "<group>"; };
		E2F9415A2AD2C2A10047EA04 /* GlobalViewModel.swift */ = {isa = PBXFileReference; lastKnownFileType = sourcecode.swift; path = GlobalViewModel.swift; sourceTree = "<group>"; };
		E2F9415C2AD2C3A60047EA04 /* NavigationPath+GoTravel.swift */ = {isa = PBXFileReference; lastKnownFileType = sourcecode.swift; path = "NavigationPath+GoTravel.swift"; sourceTree = "<group>"; };
		E2F9415E2AD30A3F0047EA04 /* Localizable.xcstrings */ = {isa = PBXFileReference; fileEncoding = 4; lastKnownFileType = text.json.xcstrings; path = Localizable.xcstrings; sourceTree = "<group>"; };
		E2FA5C3A2AF8240500DCE810 /* SearchHereTip.swift */ = {isa = PBXFileReference; lastKnownFileType = sourcecode.swift; path = SearchHereTip.swift; sourceTree = "<group>"; };
/* End PBXFileReference section */

/* Begin PBXFrameworksBuildPhase section */
		E283D37B2AC23316008ECF81 /* Frameworks */ = {
			isa = PBXFrameworksBuildPhase;
			buildActionMask = 2147483647;
			files = (
				E238EF6F2B781CE600DC8E84 /* Lottie in Frameworks */,
				E238EF752B782EB100DC8E84 /* ColorfulX in Frameworks */,
				E26988762B35D2E10097B8EF /* WrappingHStack in Frameworks */,
				E28DC2B02B1F62B900E2FECE /* GoTravel.CoreData in Frameworks */,
				E2D3E8572BB4E12E003FBFF1 /* CompactSlider in Frameworks */,
				E28DC2B32B1FE44900E2FECE /* GoTravel.Models in Frameworks */,
				E28DC2B62B1FE5DE00E2FECE /* GoTravel.API in Frameworks */,
			);
			runOnlyForDeploymentPostprocessing = 0;
		};
/* End PBXFrameworksBuildPhase section */

/* Begin PBXGroup section */
		E2000C162AC8217E003D01A9 /* ViewModels */ = {
			isa = PBXGroup;
			children = (
				E28F814C2B9CC407009953EB /* Community */,
				E238EF7D2B79330000DC8E84 /* Auth */,
				E23027AB2B69775100DC1D54 /* Journey */,
				E2E511A02B572918003BE56E /* Stop */,
				E28DC2BD2B2107CC00E2FECE /* Map */,
				E2F9415A2AD2C2A10047EA04 /* GlobalViewModel.swift */,
			);
			path = ViewModels;
			sourceTree = "<group>";
		};
		E2000C192AC8278C003D01A9 /* Managers */ = {
			isa = PBXGroup;
			children = (
				E2000C1A2AC82799003D01A9 /* LocationManager.swift */,
				E273078E2AD20A4E0060FF99 /* Strings.swift */,
				E2CFD9922AFA8233008A6726 /* AppData.swift */,
				E2438F1F2B26195100BBF345 /* AccessibilityHelper.swift */,
				E2437FF52BAA477600B97CF8 /* JourneyManager.swift */,
			);
			path = Managers;
			sourceTree = "<group>";
		};
		E2000C1C2AC8299B003D01A9 /* Views */ = {
			isa = PBXGroup;
			children = (
				E238EF702B782DDF00DC8E84 /* Auth */,
				E23094022B82269800C67D96 /* Community */,
				E26905EC2B66D22800CC1271 /* Journey */,
				E2E511A32B59ADC1003BE56E /* Stop */,
				E26988702B35D18F0097B8EF /* Misc */,
				E2FA5C392AF823FA00DCE810 /* Tips */,
				E2CFBA9F2AC89EB700662DC1 /* Map */,
			);
			path = Views;
			sourceTree = "<group>";
		};
		E20CD6302B74245300459104 /* Preview Data */ = {
			isa = PBXGroup;
			children = (
				E20CD6312B74245F00459104 /* JourneyData.swift */,
				E242FD692B9B4E78000BE477 /* UserData.swift */,
				E253C36E2BACE9CD00D9BD15 /* SavedJourneyData.swift */,
			);
			path = "Preview Data";
			sourceTree = "<group>";
		};
		E23027AB2B69775100DC1D54 /* Journey */ = {
			isa = PBXGroup;
			children = (
				E23027AC2B69775D00DC1D54 /* JourneyPlannerViewModel.swift */,
			);
			path = Journey;
			sourceTree = "<group>";
		};
		E23094022B82269800C67D96 /* Community */ = {
			isa = PBXGroup;
			children = (
				E253C3672BACC61600D9BD15 /* Tracking */,
				E242FD662B9B46DA000BE477 /* Crowdsource */,
				E2B3590D2B935B07002DE211 /* User */,
				E23094032B8226A800C67D96 /* CommunityNotLoggedInView.swift */,
				E26B5A682B9130E4001DD548 /* CommunityPageHeader.swift */,
				E266110D2B9222A3003F55C2 /* RelationshipsView.swift */,
				E266110F2B924219003F55C2 /* UserSearchView.swift */,
			);
			path = Community;
			sourceTree = "<group>";
		};
		E238EF702B782DDF00DC8E84 /* Auth */ = {
			isa = PBXGroup;
			children = (
				E238EF712B782DEA00DC8E84 /* LoginView.swift */,
				E238EF792B78FA6600DC8E84 /* SignUpView.swift */,
				E2EAF2422B7969C800CB5CA4 /* PostSignupView.swift */,
			);
			path = Auth;
			sourceTree = "<group>";
		};
		E238EF7D2B79330000DC8E84 /* Auth */ = {
			isa = PBXGroup;
			children = (
				E238EF7E2B79330C00DC8E84 /* SignInViewModel.swift */,
				E238EF802B79331600DC8E84 /* SignupViewModel.swift */,
				E2311A762B7EA48800D7DCD4 /* PostSignupViewModel.swift */,
			);
			path = Auth;
			sourceTree = "<group>";
		};
		E242FD662B9B46DA000BE477 /* Crowdsource */ = {
			isa = PBXGroup;
			children = (
				E242FD672B9B46EB000BE477 /* CrowdsourceView.swift */,
				E28F814A2B9CBC55009953EB /* SubmitCrowdsourceView.swift */,
			);
			path = Crowdsource;
			sourceTree = "<group>";
		};
		E253C3672BACC61600D9BD15 /* Tracking */ = {
			isa = PBXGroup;
			children = (
				E2437FF22BAA32E900B97CF8 /* TrackJourneyViews.swift */,
				E253C3682BACC62000D9BD15 /* TrackJourneyButton.swift */,
				E253C36A2BACC75600D9BD15 /* SavedJourneyList.swift */,
				E253C36C2BACE45B00D9BD15 /* SavedJourneyView.swift */,
				E2D3E8532BB4DACA003FBFF1 /* SubmitTripView.swift */,
				E2B6BAAB2BB993B9001060DD /* UnsavedJourneysView.swift */,
			);
			path = Tracking;
			sourceTree = "<group>";
		};
		E255720E2B33BAB900988348 /* BottomSheet */ = {
			isa = PBXGroup;
			children = (
				E255720F2B33BAB900988348 /* Media.xcassets */,
				E25572102B33BAB900988348 /* BottomSheet+ViewModifiers */,
				E25572232B33BAB900988348 /* Models */,
				E25572272B33BAB900988348 /* BottomSheet.swift */,
				E25572282B33BAB900988348 /* BottomSheetView */,
				E25572302B33BAB900988348 /* Helper */,
			);
			path = BottomSheet;
			sourceTree = "<group>";
		};
		E25572102B33BAB900988348 /* BottomSheet+ViewModifiers */ = {
			isa = PBXGroup;
			children = (
				E25572112B33BAB900988348 /* BottomSheet+Resizable.swift */,
				E25572122B33BAB900988348 /* BottomSheet+AccountingForKeyboardHeight.swift */,
				E25572132B33BAB900988348 /* BottomSheet+AppleScrollBehavior.swift */,
				E25572142B33BAB900988348 /* BottomSheet+DragIndicator.swift */,
				E25572152B33BAB900988348 /* BottomSheet+FloatingIPadSheet.swift */,
				E25572162B33BAB900988348 /* BottomSheet+Threshold.swift */,
				E25572172B33BAB900988348 /* BottomSheet+TapToDismiss.swift */,
				E25572182B33BAB900988348 /* BottomSheet+ContentDrag.swift */,
				E25572192B33BAB900988348 /* BottomSheet+CustomAnimation.swift */,
				E255721A2B33BAB900988348 /* BottomSheet+DragGesture.swift */,
				E255721B2B33BAB900988348 /* BottomSheet+FlickThrough.swift */,
				E255721C2B33BAB900988348 /* BottomSheet+OnDismiss.swift */,
				E255721D2B33BAB900988348 /* BottomSheet+SwipeToDismiss.swift */,
				E255721E2B33BAB900988348 /* BottomSheet+BackgroundBlur.swift */,
				E255721F2B33BAB900988348 /* BottomSheet+CustomBackground.swift */,
				E25572202B33BAB900988348 /* BottomSheet+SheetWidth.swift */,
				E25572212B33BAB900988348 /* BottomSheet+CustomBackground+iOS15.swift */,
				E25572222B33BAB900988348 /* BottomSheet+CloseButton.swift */,
			);
			path = "BottomSheet+ViewModifiers";
			sourceTree = "<group>";
		};
		E25572232B33BAB900988348 /* Models */ = {
			isa = PBXGroup;
			children = (
				E25572242B33BAB900988348 /* BottomSheetWidth.swift */,
				E25572252B33BAB900988348 /* BottomSheetPosition.swift */,
				E25572262B33BAB900988348 /* BottomSheetConfiguration.swift */,
			);
			path = Models;
			sourceTree = "<group>";
		};
		E25572282B33BAB900988348 /* BottomSheetView */ = {
			isa = PBXGroup;
			children = (
				E25572292B33BAB900988348 /* BottomSheetView+Calculations.swift */,
				E255722A2B33BAB900988348 /* BottomSheetView+HelperViews.swift */,
				E255722B2B33BAB900988348 /* BottomSheetView+Gestures.swift */,
				E255722C2B33BAB900988348 /* BottomSheetView.swift */,
				E255722D2B33BAB900988348 /* BottomSheetView+KeyboardHeight.swift */,
				E255722E2B33BAB900988348 /* BottomSheetView+DragIndicatorAction.swift */,
				E255722F2B33BAB900988348 /* BottomSheetView+SwitchPosition.swift */,
			);
			path = BottomSheetView;
			sourceTree = "<group>";
		};
		E25572302B33BAB900988348 /* Helper */ = {
			isa = PBXGroup;
			children = (
				E25572312B33BAB900988348 /* AppleScrollBehaviourScrollView */,
				E25572352B33BAB900988348 /* Extensions */,
				E25572392B33BAB900988348 /* Views */,
				E255723B2B33BAB900988348 /* ViewModifiers */,
			);
			path = Helper;
			sourceTree = "<group>";
		};
		E25572312B33BAB900988348 /* AppleScrollBehaviourScrollView */ = {
			isa = PBXGroup;
			children = (
				E25572322B33BAB900988348 /* DragGestureExtension.swift */,
				E25572332B33BAB900988348 /* UIScrollViewWrapper.swift */,
				E25572342B33BAB900988348 /* TimerAnimation.swift */,
			);
			path = AppleScrollBehaviourScrollView;
			sourceTree = "<group>";
		};
		E25572352B33BAB900988348 /* Extensions */ = {
			isa = PBXGroup;
			children = (
				E25572362B33BAB900988348 /* UIApplicationExtension.swift */,
				E25572372B33BAB900988348 /* BundleExtension.swift */,
				E25572382B33BAB900988348 /* ColorExtension.swift */,
			);
			path = Extensions;
			sourceTree = "<group>";
		};
		E25572392B33BAB900988348 /* Views */ = {
			isa = PBXGroup;
			children = (
				E255723A2B33BAB900988348 /* VisualEffectView.swift */,
			);
			path = Views;
			sourceTree = "<group>";
		};
		E255723B2B33BAB900988348 /* ViewModifiers */ = {
			isa = PBXGroup;
			children = (
				E255723C2B33BAB900988348 /* RoundedCornerViewModifier.swift */,
				E255723D2B33BAB900988348 /* IgnoresSafeAreaCompatible.swift */,
			);
			path = ViewModifiers;
			sourceTree = "<group>";
		};
		E26905EC2B66D22800CC1271 /* Journey */ = {
			isa = PBXGroup;
			children = (
				E23027AE2B6D41D400DC1D54 /* JourneyTimeSelectSheet.swift */,
				E23027B02B6D41F100DC1D54 /* JourneyLocationSearchSheet.swift */,
				E23027B22B6D445200DC1D54 /* JourneyResultsView.swift */,
				E2E6739E2B71321300361118 /* JourneyOptionsSheet.swift */,
				E269388E2B768CD900738C6D /* JourneyMapView.swift */,
			);
			path = Journey;
			sourceTree = "<group>";
		};
		E26988702B35D18F0097B8EF /* Misc */ = {
			isa = PBXGroup;
			children = (
				E22DBC3E2B5BEA8100276034 /* GaugeTimerView.swift */,
				E2E6739C2B6FC14700361118 /* ExitButtonVIew.swift */,
				E2E673A02B71376100361118 /* RadioToggleStyle.swift */,
				E26938902B76BCBF00738C6D /* SingleAxisGeoReader.swift */,
				E238EF7B2B79011500DC8E84 /* AuthTextField.swift */,
				E266110B2B920321003F55C2 /* CustomNavigationTitle.swift */,
				E2D3E8582BB4E328003FBFF1 /* RangedSlider.swift */,
			);
			path = Misc;
			sourceTree = "<group>";
		};
		E27307892AD1FC920060FF99 /* Extensions */ = {
			isa = PBXGroup;
			children = (
				E28DC2C32B210E4800E2FECE /* Models */,
				E28DC2C22B210E4200E2FECE /* Cache */,
				E273078A2AD1FCAD0060FF99 /* NotificationCenter+GoTravel.swift */,
				E2F9415C2AD2C3A60047EA04 /* NavigationPath+GoTravel.swift */,
				E2BF5D742AD3634700261261 /* Color+GoTravel.swift */,
				E280F6542B13ADC100563D7E /* String+GoTravel.swift */,
				E28DC2BB2B1FE7CA00E2FECE /* SwiftUI+GoTravel.swift */,
				E2438F1D2B25D82B00BBF345 /* Accessibility+GoTravel.swift */,
				E2E511A82B59EF78003BE56E /* Date+GoTravel.swift */,
			);
			path = Extensions;
			sourceTree = "<group>";
		};
		E283D3752AC23316008ECF81 = {
			isa = PBXGroup;
			children = (
				E2437FF42BAA41D000B97CF8 /* Online GPX Editor.gpx */,
				E255720E2B33BAB900988348 /* BottomSheet */,
				E283D3802AC23316008ECF81 /* GoTravel */,
				E28DC2B42B1FE45F00E2FECE /* GoTravel.API */,
				E28DC2B12B1FE42B00E2FECE /* GoTravel.Models */,
				E28DC2AC2B1F62AC00E2FECE /* GoTravel.CoreData */,
				E283D37F2AC23316008ECF81 /* Products */,
				E28DC2A22B1F58CD00E2FECE /* Frameworks */,
			);
			sourceTree = "<group>";
		};
		E283D37F2AC23316008ECF81 /* Products */ = {
			isa = PBXGroup;
			children = (
				E283D37E2AC23316008ECF81 /* GoTravel.app */,
			);
			name = Products;
			sourceTree = "<group>";
		};
		E283D3802AC23316008ECF81 /* GoTravel */ = {
			isa = PBXGroup;
			children = (
				E238EF782B78380C00DC8E84 /* GoTravel.entitlements */,
				E2000C1F2AC82C97003D01A9 /* Info.plist */,
				E283D3832AC23316008ECF81 /* ContentView.swift */,
				E283D38F2AC233A7008ECF81 /* App */,
				E29848BF2AC6FB79004A5BDC /* Pages */,
				E2000C1C2AC8299B003D01A9 /* Views */,
				E2000C162AC8217E003D01A9 /* ViewModels */,
				E27307892AD1FC920060FF99 /* Extensions */,
			);
			path = GoTravel;
			sourceTree = "<group>";
		};
		E283D3872AC23318008ECF81 /* Preview Content */ = {
			isa = PBXGroup;
			children = (
				E283D3882AC23318008ECF81 /* Preview Assets.xcassets */,
			);
			path = "Preview Content";
			sourceTree = "<group>";
		};
		E283D38F2AC233A7008ECF81 /* App */ = {
			isa = PBXGroup;
			children = (
				E2E673952B6E90BE00361118 /* Assets */,
				E2000C192AC8278C003D01A9 /* Managers */,
				E283D3872AC23318008ECF81 /* Preview Content */,
				E283D3852AC23318008ECF81 /* Assets.xcassets */,
				E2F9415E2AD30A3F0047EA04 /* Localizable.xcstrings */,
				E283D3812AC23316008ECF81 /* GoLondonApp.swift */,
			);
			path = App;
			sourceTree = "<group>";
		};
		E28DC2A22B1F58CD00E2FECE /* Frameworks */ = {
			isa = PBXGroup;
			children = (
			);
			name = Frameworks;
			sourceTree = "<group>";
		};
		E28DC2BD2B2107CC00E2FECE /* Map */ = {
			isa = PBXGroup;
			children = (
				E2000C172AC821D3003D01A9 /* StopMapViewModel.swift */,
				E28DC2BE2B2107D900E2FECE /* LineModeFilterViewModel.swift */,
			);
			path = Map;
			sourceTree = "<group>";
		};
		E28DC2C22B210E4200E2FECE /* Cache */ = {
			isa = PBXGroup;
			children = (
				E28DC2C02B210C1100E2FECE /* LineModeCache+GoTravel.swift */,
			);
			path = Cache;
			sourceTree = "<group>";
		};
		E28DC2C32B210E4800E2FECE /* Models */ = {
			isa = PBXGroup;
			children = (
				E2BF5D762AD3641100261261 /* StopPoint+GoTravel.swift */,
				E2BF5D722AD3629500261261 /* LineMode+GoTravel.swift */,
				E28DC2C42B210E5500E2FECE /* LineMode+Cache.swift */,
				E22DBC3C2B5B227800276034 /* PlatformArrivals+GoTravel.swift */,
				E23027B42B6D534C00DC1D54 /* Journey+GoTravel.swift */,
				E26938922B76C2E400738C6D /* JourneyLeg+GoTravel.swift */,
				E23094052B82532D00C67D96 /* CurrentUser+GoTravel.swift */,
			);
			path = Models;
			sourceTree = "<group>";
		};
		E28F814C2B9CC407009953EB /* Community */ = {
			isa = PBXGroup;
			children = (
				E28F814D2B9CC41B009953EB /* SubmitCrowdsourceViewModel.swift */,
			);
			path = Community;
			sourceTree = "<group>";
		};
		E29848BF2AC6FB79004A5BDC /* Pages */ = {
			isa = PBXGroup;
			children = (
				E238EF762B78349100DC8E84 /* AuthPage.swift */,
				E29848C02AC6FB83004A5BDC /* HomeMapPage.swift */,
				E2E5119E2B57043A003BE56E /* StopPointPage.swift */,
				E26905EA2B669ED000CC1271 /* JourneyPlannerPage.swift */,
				E2E673A22B72D86500361118 /* JourneyDetailPage.swift */,
				E23094002B82261300C67D96 /* CommunityPage.swift */,
			);
			path = Pages;
			sourceTree = "<group>";
		};
		E2B3590D2B935B07002DE211 /* User */ = {
			isa = PBXGroup;
			children = (
				E2B3590E2B935B12002DE211 /* UserRowView.swift */,
			);
			path = User;
			sourceTree = "<group>";
		};
		E2CFBA9F2AC89EB700662DC1 /* Map */ = {
			isa = PBXGroup;
			children = (
				E2CFBAA02AC89EC200662DC1 /* LocationNeededBanner.swift */,
				E2BF5D702AD35A8E00261261 /* StopPointMarkerView.swift */,
				E28DC2B72B1FE6D500E2FECE /* LineModeFilterView.swift */,
				E28DC2B92B1FE73700E2FECE /* MapControlButtonStyle.swift */,
				E25572072B33B28200988348 /* MapSearchSheetView.swift */,
			);
			path = Map;
			sourceTree = "<group>";
		};
		E2E511A02B572918003BE56E /* Stop */ = {
			isa = PBXGroup;
			children = (
				E2E511A12B572933003BE56E /* StopPointViewModel.swift */,
			);
			path = Stop;
			sourceTree = "<group>";
		};
		E2E511A32B59ADC1003BE56E /* Stop */ = {
			isa = PBXGroup;
			children = (
				E2E511A42B59ADDB003BE56E /* LineModesView.swift */,
				E2E511A62B59EB53003BE56E /* StopArrivalsView.swift */,
				E269C7672B5DE6DC00C78BCE /* StopPointInfoView.swift */,
				E2D3E85A2BB62E94003FBFF1 /* LineSearchView.swift */,
			);
			path = Stop;
			sourceTree = "<group>";
		};
		E2E673952B6E90BE00361118 /* Assets */ = {
			isa = PBXGroup;
			children = (
				E20CD6302B74245300459104 /* Preview Data */,
				E2E673962B6E90C200361118 /* Lottie */,
			);
			path = Assets;
			sourceTree = "<group>";
		};
		E2E673962B6E90C200361118 /* Lottie */ = {
			isa = PBXGroup;
			children = (
				E2E673972B6E90D900361118 /* BusLoading.lottie */,
			);
			path = Lottie;
			sourceTree = "<group>";
		};
		E2FA5C392AF823FA00DCE810 /* Tips */ = {
			isa = PBXGroup;
			children = (
				E2FA5C3A2AF8240500DCE810 /* SearchHereTip.swift */,
			);
			path = Tips;
			sourceTree = "<group>";
		};
/* End PBXGroup section */

/* Begin PBXNativeTarget section */
		E283D37D2AC23316008ECF81 /* GoTravel */ = {
			isa = PBXNativeTarget;
			buildConfigurationList = E283D38C2AC23318008ECF81 /* Build configuration list for PBXNativeTarget "GoTravel" */;
			buildPhases = (
				E283D37A2AC23316008ECF81 /* Sources */,
				E283D37B2AC23316008ECF81 /* Frameworks */,
				E283D37C2AC23316008ECF81 /* Resources */,
				E28DC2A02B1F56F600E2FECE /* Embed Frameworks */,
			);
			buildRules = (
			);
			dependencies = (
			);
			name = GoTravel;
			packageProductDependencies = (
				E28DC2AF2B1F62B900E2FECE /* GoTravel.CoreData */,
				E28DC2B22B1FE44900E2FECE /* GoTravel.Models */,
				E28DC2B52B1FE5DE00E2FECE /* GoTravel.API */,
				E26988752B35D2E10097B8EF /* WrappingHStack */,
				E238EF6E2B781CE600DC8E84 /* Lottie */,
				E238EF742B782EB100DC8E84 /* ColorfulX */,
				E2D3E8562BB4E12E003FBFF1 /* CompactSlider */,
			);
			productName = GoLondon;
			productReference = E283D37E2AC23316008ECF81 /* GoTravel.app */;
			productType = "com.apple.product-type.application";
		};
/* End PBXNativeTarget section */

/* Begin PBXProject section */
		E283D3762AC23316008ECF81 /* Project object */ = {
			isa = PBXProject;
			attributes = {
				BuildIndependentTargetsInParallel = 1;
				LastSwiftUpdateCheck = 1500;
				LastUpgradeCheck = 1500;
				TargetAttributes = {
					E283D37D2AC23316008ECF81 = {
						CreatedOnToolsVersion = 15.0;
					};
				};
			};
			buildConfigurationList = E283D3792AC23316008ECF81 /* Build configuration list for PBXProject "GoTravel" */;
			compatibilityVersion = "Xcode 14.0";
			developmentRegion = en;
			hasScannedForEncodings = 0;
			knownRegions = (
				en,
				Base,
			);
			mainGroup = E283D3752AC23316008ECF81;
			packageReferences = (
				E26988742B35D2E10097B8EF /* XCRemoteSwiftPackageReference "WrappingHStack" */,
				E238EF6D2B781CE600DC8E84 /* XCRemoteSwiftPackageReference "lottie-ios" */,
				E238EF732B782EB100DC8E84 /* XCRemoteSwiftPackageReference "ColorfulX" */,
				E2D3E8552BB4E12E003FBFF1 /* XCRemoteSwiftPackageReference "CompactSlider" */,
			);
			productRefGroup = E283D37F2AC23316008ECF81 /* Products */;
			projectDirPath = "";
			projectRoot = "";
			targets = (
				E283D37D2AC23316008ECF81 /* GoTravel */,
			);
		};
/* End PBXProject section */

/* Begin PBXResourcesBuildPhase section */
		E283D37C2AC23316008ECF81 /* Resources */ = {
			isa = PBXResourcesBuildPhase;
			buildActionMask = 2147483647;
			files = (
				E2E673982B6E90D900361118 /* BusLoading.lottie in Resources */,
				E283D3892AC23318008ECF81 /* Preview Assets.xcassets in Resources */,
				E283D3862AC23318008ECF81 /* Assets.xcassets in Resources */,
				E255723E2B33BAB900988348 /* Media.xcassets in Resources */,
				E2F9415F2AD30A3F0047EA04 /* Localizable.xcstrings in Resources */,
			);
			runOnlyForDeploymentPostprocessing = 0;
		};
/* End PBXResourcesBuildPhase section */

/* Begin PBXSourcesBuildPhase section */
		E283D37A2AC23316008ECF81 /* Sources */ = {
			isa = PBXSourcesBuildPhase;
			buildActionMask = 2147483647;
			files = (
				E255724B2B33BAB900988348 /* BottomSheet+SwipeToDismiss.swift in Sources */,
				E2D3E8542BB4DACB003FBFF1 /* SubmitTripView.swift in Sources */,
				E255724F2B33BAB900988348 /* BottomSheet+CustomBackground+iOS15.swift in Sources */,
				E2EAF2432B7969C900CB5CA4 /* PostSignupView.swift in Sources */,
				E2438F202B26195100BBF345 /* AccessibilityHelper.swift in Sources */,
				E25572642B33BAB900988348 /* IgnoresSafeAreaCompatible.swift in Sources */,
				E25572532B33BAB900988348 /* BottomSheetConfiguration.swift in Sources */,
				E20CD6322B74245F00459104 /* JourneyData.swift in Sources */,
				E255724C2B33BAB900988348 /* BottomSheet+BackgroundBlur.swift in Sources */,
				E25572632B33BAB900988348 /* RoundedCornerViewModifier.swift in Sources */,
				E25572602B33BAB900988348 /* BundleExtension.swift in Sources */,
				E253C36F2BACE9CD00D9BD15 /* SavedJourneyData.swift in Sources */,
				E29848C12AC6FB83004A5BDC /* HomeMapPage.swift in Sources */,
				E25572442B33BAB900988348 /* BottomSheet+Threshold.swift in Sources */,
				E266110C2B920321003F55C2 /* CustomNavigationTitle.swift in Sources */,
				E2437FF32BAA32E900B97CF8 /* TrackJourneyViews.swift in Sources */,
				E26938912B76BCBF00738C6D /* SingleAxisGeoReader.swift in Sources */,
				E23027B12B6D41F100DC1D54 /* JourneyLocationSearchSheet.swift in Sources */,
				E28DC2C52B210E5500E2FECE /* LineMode+Cache.swift in Sources */,
				E2311A772B7EA48800D7DCD4 /* PostSignupViewModel.swift in Sources */,
				E2B6BAAC2BB993B9001060DD /* UnsavedJourneysView.swift in Sources */,
				E2E6739D2B6FC14700361118 /* ExitButtonVIew.swift in Sources */,
				E25572472B33BAB900988348 /* BottomSheet+CustomAnimation.swift in Sources */,
				E238EF772B78349100DC8E84 /* AuthPage.swift in Sources */,
				E23094042B8226A800C67D96 /* CommunityNotLoggedInView.swift in Sources */,
				E23027AD2B69775D00DC1D54 /* JourneyPlannerViewModel.swift in Sources */,
				E28F814B2B9CBC55009953EB /* SubmitCrowdsourceView.swift in Sources */,
				E269388F2B768CD900738C6D /* JourneyMapView.swift in Sources */,
				E2000C182AC821D3003D01A9 /* StopMapViewModel.swift in Sources */,
				E28DC2BF2B2107D900E2FECE /* LineModeFilterViewModel.swift in Sources */,
				E25572612B33BAB900988348 /* ColorExtension.swift in Sources */,
				E242FD6A2B9B4E78000BE477 /* UserData.swift in Sources */,
				E25572622B33BAB900988348 /* VisualEffectView.swift in Sources */,
				E255725C2B33BAB900988348 /* DragGestureExtension.swift in Sources */,
				E25572492B33BAB900988348 /* BottomSheet+FlickThrough.swift in Sources */,
				E2BF5D732AD3629500261261 /* LineMode+GoTravel.swift in Sources */,
				E2F9415D2AD2C3A60047EA04 /* NavigationPath+GoTravel.swift in Sources */,
				E25572562B33BAB900988348 /* BottomSheetView+HelperViews.swift in Sources */,
				E25572552B33BAB900988348 /* BottomSheetView+Calculations.swift in Sources */,
				E23027B32B6D445200DC1D54 /* JourneyResultsView.swift in Sources */,
				E26938932B76C2E400738C6D /* JourneyLeg+GoTravel.swift in Sources */,
				E238EF722B782DEA00DC8E84 /* LoginView.swift in Sources */,
				E2E511A72B59EB53003BE56E /* StopArrivalsView.swift in Sources */,
				E25572082B33B28200988348 /* MapSearchSheetView.swift in Sources */,
				E2D3E8592BB4E328003FBFF1 /* RangedSlider.swift in Sources */,
				E25572572B33BAB900988348 /* BottomSheetView+Gestures.swift in Sources */,
				E2438F1E2B25D82B00BBF345 /* Accessibility+GoTravel.swift in Sources */,
				E273078F2AD20A4E0060FF99 /* Strings.swift in Sources */,
				E2FA5C3B2AF8240500DCE810 /* SearchHereTip.swift in Sources */,
				E2E5119F2B57043A003BE56E /* StopPointPage.swift in Sources */,
				E2000C1B2AC82799003D01A9 /* LocationManager.swift in Sources */,
				E255725E2B33BAB900988348 /* TimerAnimation.swift in Sources */,
				E238EF7A2B78FA6600DC8E84 /* SignUpView.swift in Sources */,
				E28DC2B82B1FE6D500E2FECE /* LineModeFilterView.swift in Sources */,
				E238EF7F2B79330C00DC8E84 /* SignInViewModel.swift in Sources */,
				E25572422B33BAB900988348 /* BottomSheet+DragIndicator.swift in Sources */,
				E255725A2B33BAB900988348 /* BottomSheetView+DragIndicatorAction.swift in Sources */,
				E25572432B33BAB900988348 /* BottomSheet+FloatingIPadSheet.swift in Sources */,
				E23094062B82532D00C67D96 /* CurrentUser+GoTravel.swift in Sources */,
				E28DC2C12B210C1100E2FECE /* LineModeCache+GoTravel.swift in Sources */,
				E2CFD9932AFA8233008A6726 /* AppData.swift in Sources */,
				E28F814E2B9CC41B009953EB /* SubmitCrowdsourceViewModel.swift in Sources */,
				E2CFBAA12AC89EC200662DC1 /* LocationNeededBanner.swift in Sources */,
				E255724E2B33BAB900988348 /* BottomSheet+SheetWidth.swift in Sources */,
				E255725D2B33BAB900988348 /* UIScrollViewWrapper.swift in Sources */,
				E238EF7C2B79011500DC8E84 /* AuthTextField.swift in Sources */,
				E283D3842AC23316008ECF81 /* ContentView.swift in Sources */,
				E255724A2B33BAB900988348 /* BottomSheet+OnDismiss.swift in Sources */,
				E26905EB2B669ED000CC1271 /* JourneyPlannerPage.swift in Sources */,
				E25572402B33BAB900988348 /* BottomSheet+AccountingForKeyboardHeight.swift in Sources */,
				E255725F2B33BAB900988348 /* UIApplicationExtension.swift in Sources */,
				E2E511A92B59EF78003BE56E /* Date+GoTravel.swift in Sources */,
				E2BF5D772AD3641100261261 /* StopPoint+GoTravel.swift in Sources */,
				E283D3822AC23316008ECF81 /* GoLondonApp.swift in Sources */,
				E23027AF2B6D41D400DC1D54 /* JourneyTimeSelectSheet.swift in Sources */,
				E253C36D2BACE45B00D9BD15 /* SavedJourneyView.swift in Sources */,
				E2E6739F2B71321300361118 /* JourneyOptionsSheet.swift in Sources */,
				E253C36B2BACC75600D9BD15 /* SavedJourneyList.swift in Sources */,
				E2E511A22B572933003BE56E /* StopPointViewModel.swift in Sources */,
				E255723F2B33BAB900988348 /* BottomSheet+Resizable.swift in Sources */,
				E25572502B33BAB900988348 /* BottomSheet+CloseButton.swift in Sources */,
				E28DC2BA2B1FE73700E2FECE /* MapControlButtonStyle.swift in Sources */,
				E25572542B33BAB900988348 /* BottomSheet.swift in Sources */,
				E255725B2B33BAB900988348 /* BottomSheetView+SwitchPosition.swift in Sources */,
				E2437FF62BAA477600B97CF8 /* JourneyManager.swift in Sources */,
				E2BF5D712AD35A8E00261261 /* StopPointMarkerView.swift in Sources */,
				E2E673A12B71376200361118 /* RadioToggleStyle.swift in Sources */,
				E2B3590F2B935B12002DE211 /* UserRowView.swift in Sources */,
				E28DC2BC2B1FE7CA00E2FECE /* SwiftUI+GoTravel.swift in Sources */,
				E2D3E85B2BB62E94003FBFF1 /* LineSearchView.swift in Sources */,
				E255724D2B33BAB900988348 /* BottomSheet+CustomBackground.swift in Sources */,
				E266110E2B9222A3003F55C2 /* RelationshipsView.swift in Sources */,
				E280F6552B13ADC100563D7E /* String+GoTravel.swift in Sources */,
				E242FD682B9B46EB000BE477 /* CrowdsourceView.swift in Sources */,
				E25572522B33BAB900988348 /* BottomSheetPosition.swift in Sources */,
				E25572592B33BAB900988348 /* BottomSheetView+KeyboardHeight.swift in Sources */,
				E25572462B33BAB900988348 /* BottomSheet+ContentDrag.swift in Sources */,
				E273078B2AD1FCAD0060FF99 /* NotificationCenter+GoTravel.swift in Sources */,
				E238EF812B79331600DC8E84 /* SignupViewModel.swift in Sources */,
				E253C3692BACC62000D9BD15 /* TrackJourneyButton.swift in Sources */,
				E25572582B33BAB900988348 /* BottomSheetView.swift in Sources */,
				E25572512B33BAB900988348 /* BottomSheetWidth.swift in Sources */,
				E2F9415B2AD2C2A10047EA04 /* GlobalViewModel.swift in Sources */,
				E26611102B924219003F55C2 /* UserSearchView.swift in Sources */,
				E2BF5D752AD3634700261261 /* Color+GoTravel.swift in Sources */,
				E269C7682B5DE6DC00C78BCE /* StopPointInfoView.swift in Sources */,
				E25572412B33BAB900988348 /* BottomSheet+AppleScrollBehavior.swift in Sources */,
				E23027B52B6D534C00DC1D54 /* Journey+GoTravel.swift in Sources */,
				E2E511A52B59ADDB003BE56E /* LineModesView.swift in Sources */,
				E23094012B82261300C67D96 /* CommunityPage.swift in Sources */,
				E25572482B33BAB900988348 /* BottomSheet+DragGesture.swift in Sources */,
				E26B5A692B9130E4001DD548 /* CommunityPageHeader.swift in Sources */,
				E22DBC3D2B5B227800276034 /* PlatformArrivals+GoTravel.swift in Sources */,
				E22DBC3F2B5BEA8100276034 /* GaugeTimerView.swift in Sources */,
				E2E673A32B72D86500361118 /* JourneyDetailPage.swift in Sources */,
				E25572452B33BAB900988348 /* BottomSheet+TapToDismiss.swift in Sources */,
			);
			runOnlyForDeploymentPostprocessing = 0;
		};
/* End PBXSourcesBuildPhase section */

/* Begin XCBuildConfiguration section */
		E283D38A2AC23318008ECF81 /* Debug */ = {
			isa = XCBuildConfiguration;
			buildSettings = {
				ALWAYS_SEARCH_USER_PATHS = NO;
				ASSETCATALOG_COMPILER_GENERATE_SWIFT_ASSET_SYMBOL_EXTENSIONS = YES;
				CLANG_ANALYZER_NONNULL = YES;
				CLANG_ANALYZER_NUMBER_OBJECT_CONVERSION = YES_AGGRESSIVE;
				CLANG_CXX_LANGUAGE_STANDARD = "gnu++20";
				CLANG_ENABLE_MODULES = YES;
				CLANG_ENABLE_OBJC_ARC = YES;
				CLANG_ENABLE_OBJC_WEAK = YES;
				CLANG_WARN_BLOCK_CAPTURE_AUTORELEASING = YES;
				CLANG_WARN_BOOL_CONVERSION = YES;
				CLANG_WARN_COMMA = YES;
				CLANG_WARN_CONSTANT_CONVERSION = YES;
				CLANG_WARN_DEPRECATED_OBJC_IMPLEMENTATIONS = YES;
				CLANG_WARN_DIRECT_OBJC_ISA_USAGE = YES_ERROR;
				CLANG_WARN_DOCUMENTATION_COMMENTS = YES;
				CLANG_WARN_EMPTY_BODY = YES;
				CLANG_WARN_ENUM_CONVERSION = YES;
				CLANG_WARN_INFINITE_RECURSION = YES;
				CLANG_WARN_INT_CONVERSION = YES;
				CLANG_WARN_NON_LITERAL_NULL_CONVERSION = YES;
				CLANG_WARN_OBJC_IMPLICIT_RETAIN_SELF = YES;
				CLANG_WARN_OBJC_LITERAL_CONVERSION = YES;
				CLANG_WARN_OBJC_ROOT_CLASS = YES_ERROR;
				CLANG_WARN_QUOTED_INCLUDE_IN_FRAMEWORK_HEADER = YES;
				CLANG_WARN_RANGE_LOOP_ANALYSIS = YES;
				CLANG_WARN_STRICT_PROTOTYPES = YES;
				CLANG_WARN_SUSPICIOUS_MOVE = YES;
				CLANG_WARN_UNGUARDED_AVAILABILITY = YES_AGGRESSIVE;
				CLANG_WARN_UNREACHABLE_CODE = YES;
				CLANG_WARN__DUPLICATE_METHOD_MATCH = YES;
				COPY_PHASE_STRIP = NO;
				DEBUG_INFORMATION_FORMAT = dwarf;
				ENABLE_STRICT_OBJC_MSGSEND = YES;
				ENABLE_TESTABILITY = YES;
				ENABLE_USER_SCRIPT_SANDBOXING = YES;
				GCC_C_LANGUAGE_STANDARD = gnu17;
				GCC_DYNAMIC_NO_PIC = NO;
				GCC_NO_COMMON_BLOCKS = YES;
				GCC_OPTIMIZATION_LEVEL = 0;
				GCC_PREPROCESSOR_DEFINITIONS = (
					"DEBUG=1",
					"$(inherited)",
				);
				GCC_WARN_64_TO_32_BIT_CONVERSION = YES;
				GCC_WARN_ABOUT_RETURN_TYPE = YES_ERROR;
				GCC_WARN_UNDECLARED_SELECTOR = YES;
				GCC_WARN_UNINITIALIZED_AUTOS = YES_AGGRESSIVE;
				GCC_WARN_UNUSED_FUNCTION = YES;
				GCC_WARN_UNUSED_VARIABLE = YES;
				IPHONEOS_DEPLOYMENT_TARGET = 17.0;
				LOCALIZATION_PREFERS_STRING_CATALOGS = YES;
				MTL_ENABLE_DEBUG_INFO = INCLUDE_SOURCE;
				MTL_FAST_MATH = YES;
				ONLY_ACTIVE_ARCH = YES;
				SDKROOT = iphoneos;
				SWIFT_ACTIVE_COMPILATION_CONDITIONS = "DEBUG $(inherited)";
				SWIFT_OPTIMIZATION_LEVEL = "-Onone";
			};
			name = Debug;
		};
		E283D38B2AC23318008ECF81 /* Release */ = {
			isa = XCBuildConfiguration;
			buildSettings = {
				ALWAYS_SEARCH_USER_PATHS = NO;
				ASSETCATALOG_COMPILER_GENERATE_SWIFT_ASSET_SYMBOL_EXTENSIONS = YES;
				CLANG_ANALYZER_NONNULL = YES;
				CLANG_ANALYZER_NUMBER_OBJECT_CONVERSION = YES_AGGRESSIVE;
				CLANG_CXX_LANGUAGE_STANDARD = "gnu++20";
				CLANG_ENABLE_MODULES = YES;
				CLANG_ENABLE_OBJC_ARC = YES;
				CLANG_ENABLE_OBJC_WEAK = YES;
				CLANG_WARN_BLOCK_CAPTURE_AUTORELEASING = YES;
				CLANG_WARN_BOOL_CONVERSION = YES;
				CLANG_WARN_COMMA = YES;
				CLANG_WARN_CONSTANT_CONVERSION = YES;
				CLANG_WARN_DEPRECATED_OBJC_IMPLEMENTATIONS = YES;
				CLANG_WARN_DIRECT_OBJC_ISA_USAGE = YES_ERROR;
				CLANG_WARN_DOCUMENTATION_COMMENTS = YES;
				CLANG_WARN_EMPTY_BODY = YES;
				CLANG_WARN_ENUM_CONVERSION = YES;
				CLANG_WARN_INFINITE_RECURSION = YES;
				CLANG_WARN_INT_CONVERSION = YES;
				CLANG_WARN_NON_LITERAL_NULL_CONVERSION = YES;
				CLANG_WARN_OBJC_IMPLICIT_RETAIN_SELF = YES;
				CLANG_WARN_OBJC_LITERAL_CONVERSION = YES;
				CLANG_WARN_OBJC_ROOT_CLASS = YES_ERROR;
				CLANG_WARN_QUOTED_INCLUDE_IN_FRAMEWORK_HEADER = YES;
				CLANG_WARN_RANGE_LOOP_ANALYSIS = YES;
				CLANG_WARN_STRICT_PROTOTYPES = YES;
				CLANG_WARN_SUSPICIOUS_MOVE = YES;
				CLANG_WARN_UNGUARDED_AVAILABILITY = YES_AGGRESSIVE;
				CLANG_WARN_UNREACHABLE_CODE = YES;
				CLANG_WARN__DUPLICATE_METHOD_MATCH = YES;
				COPY_PHASE_STRIP = NO;
				DEBUG_INFORMATION_FORMAT = "dwarf-with-dsym";
				ENABLE_NS_ASSERTIONS = NO;
				ENABLE_STRICT_OBJC_MSGSEND = YES;
				ENABLE_USER_SCRIPT_SANDBOXING = YES;
				GCC_C_LANGUAGE_STANDARD = gnu17;
				GCC_NO_COMMON_BLOCKS = YES;
				GCC_WARN_64_TO_32_BIT_CONVERSION = YES;
				GCC_WARN_ABOUT_RETURN_TYPE = YES_ERROR;
				GCC_WARN_UNDECLARED_SELECTOR = YES;
				GCC_WARN_UNINITIALIZED_AUTOS = YES_AGGRESSIVE;
				GCC_WARN_UNUSED_FUNCTION = YES;
				GCC_WARN_UNUSED_VARIABLE = YES;
				IPHONEOS_DEPLOYMENT_TARGET = 17.0;
				LOCALIZATION_PREFERS_STRING_CATALOGS = YES;
				MTL_ENABLE_DEBUG_INFO = NO;
				MTL_FAST_MATH = YES;
				SDKROOT = iphoneos;
				SWIFT_COMPILATION_MODE = wholemodule;
				VALIDATE_PRODUCT = YES;
			};
			name = Release;
		};
		E283D38D2AC23318008ECF81 /* Debug */ = {
			isa = XCBuildConfiguration;
			buildSettings = {
				ASSETCATALOG_COMPILER_APPICON_NAME = AppIcon;
				ASSETCATALOG_COMPILER_GLOBAL_ACCENT_COLOR_NAME = AccentColor;
				AUTH0_BASE_URL = "https://tomk-online-dev.uk.auth0.com/";
				AUTH0_CLIENTID = 1QQ5VqEGFtqJxA6MtdL2owDz2tDioCfz;
				AUTH0_DOMAIN = "https://go-travel-dev";
				CODE_SIGN_ENTITLEMENTS = GoTravel/GoTravel.entitlements;
				CODE_SIGN_STYLE = Automatic;
				CURRENT_PROJECT_VERSION = 2;
				DEVELOPMENT_ASSET_PATHS = "\"GoTravel/App/Preview Content\"";
				DEVELOPMENT_TEAM = 8H3J46CN24;
				ENABLE_PREVIEWS = YES;
				GENERATE_INFOPLIST_FILE = YES;
				GTAPI_BASE_URL = "https://api.dev.gotravel.tomk.online/";
				INFOPLIST_FILE = GoTravel/Info.plist;
				INFOPLIST_KEY_CFBundleDisplayName = "Go Travel";
				INFOPLIST_KEY_LSApplicationCategoryType = "public.app-category.travel";
				INFOPLIST_KEY_NSLocationAlwaysAndWhenInUseUsageDescription = "Go London can use your location to search for stops and nearby buses and trains";
				INFOPLIST_KEY_NSLocationWhenInUseUsageDescription = "Go London can use your location to search for stops and nearby buses and trains";
				INFOPLIST_KEY_UIApplicationSceneManifest_Generation = YES;
				INFOPLIST_KEY_UIApplicationSupportsIndirectInputEvents = YES;
				INFOPLIST_KEY_UILaunchScreen_Generation = YES;
				INFOPLIST_KEY_UIStatusBarHidden = NO;
				INFOPLIST_KEY_UISupportedInterfaceOrientations = UIInterfaceOrientationPortrait;
				INFOPLIST_KEY_UISupportedInterfaceOrientations_iPad = "UIInterfaceOrientationLandscapeLeft UIInterfaceOrientationLandscapeRight UIInterfaceOrientationPortrait UIInterfaceOrientationPortraitUpsideDown";
				LD_RUNPATH_SEARCH_PATHS = (
					"$(inherited)",
					"@executable_path/Frameworks",
				);
				MARKETING_VERSION = 0.0;
				PRODUCT_BUNDLE_IDENTIFIER = online.tomk.GoTravel;
				PRODUCT_NAME = "$(TARGET_NAME)";
				SUPPORTED_PLATFORMS = "iphoneos iphonesimulator";
				SUPPORTS_MACCATALYST = NO;
				SUPPORTS_MAC_DESIGNED_FOR_IPHONE_IPAD = NO;
				SWIFT_EMIT_LOC_STRINGS = YES;
				SWIFT_VERSION = 5.0;
				TARGETED_DEVICE_FAMILY = 1;
			};
			name = Debug;
		};
		E283D38E2AC23318008ECF81 /* Release */ = {
			isa = XCBuildConfiguration;
			buildSettings = {
				ASSETCATALOG_COMPILER_APPICON_NAME = AppIcon;
				ASSETCATALOG_COMPILER_GLOBAL_ACCENT_COLOR_NAME = AccentColor;
				AUTH0_BASE_URL = "https://tomk-online-prod.uk.auth0.com";
				AUTH0_CLIENTID = jgqzj2XlaYPnbeFtqgV3XBKpolHeyJwb;
				AUTH0_DOMAIN = "https://go-travel-prod";
				CODE_SIGN_ENTITLEMENTS = GoTravel/GoTravel.entitlements;
				CODE_SIGN_STYLE = Automatic;
				CURRENT_PROJECT_VERSION = 2;
				DEVELOPMENT_ASSET_PATHS = "\"GoTravel/App/Preview Content\"";
				DEVELOPMENT_TEAM = 8H3J46CN24;
				ENABLE_PREVIEWS = YES;
				GENERATE_INFOPLIST_FILE = YES;
				GTAPI_BASE_URL = "https://api.gotravel.tomk.online/";
				INFOPLIST_FILE = GoTravel/Info.plist;
				INFOPLIST_KEY_CFBundleDisplayName = "Go Travel";
				INFOPLIST_KEY_LSApplicationCategoryType = "public.app-category.travel";
				INFOPLIST_KEY_NSLocationAlwaysAndWhenInUseUsageDescription = "Go London can use your location to search for stops and nearby buses and trains";
				INFOPLIST_KEY_NSLocationWhenInUseUsageDescription = "Go London can use your location to search for stops and nearby buses and trains";
				INFOPLIST_KEY_UIApplicationSceneManifest_Generation = YES;
				INFOPLIST_KEY_UIApplicationSupportsIndirectInputEvents = YES;
				INFOPLIST_KEY_UILaunchScreen_Generation = YES;
				INFOPLIST_KEY_UIStatusBarHidden = NO;
				INFOPLIST_KEY_UISupportedInterfaceOrientations = UIInterfaceOrientationPortrait;
				INFOPLIST_KEY_UISupportedInterfaceOrientations_iPad = "UIInterfaceOrientationLandscapeLeft UIInterfaceOrientationLandscapeRight UIInterfaceOrientationPortrait UIInterfaceOrientationPortraitUpsideDown";
				LD_RUNPATH_SEARCH_PATHS = (
					"$(inherited)",
					"@executable_path/Frameworks",
				);
				MARKETING_VERSION = 0.0;
				PRODUCT_BUNDLE_IDENTIFIER = online.tomk.GoTravel;
				PRODUCT_NAME = "$(TARGET_NAME)";
				SUPPORTED_PLATFORMS = "iphoneos iphonesimulator";
				SUPPORTS_MACCATALYST = NO;
				SUPPORTS_MAC_DESIGNED_FOR_IPHONE_IPAD = NO;
				SWIFT_EMIT_LOC_STRINGS = YES;
				SWIFT_VERSION = 5.0;
				TARGETED_DEVICE_FAMILY = 1;
			};
			name = Release;
		};
/* End XCBuildConfiguration section */

/* Begin XCConfigurationList section */
		E283D3792AC23316008ECF81 /* Build configuration list for PBXProject "GoTravel" */ = {
			isa = XCConfigurationList;
			buildConfigurations = (
				E283D38A2AC23318008ECF81 /* Debug */,
				E283D38B2AC23318008ECF81 /* Release */,
			);
			defaultConfigurationIsVisible = 0;
			defaultConfigurationName = Release;
		};
		E283D38C2AC23318008ECF81 /* Build configuration list for PBXNativeTarget "GoTravel" */ = {
			isa = XCConfigurationList;
			buildConfigurations = (
				E283D38D2AC23318008ECF81 /* Debug */,
				E283D38E2AC23318008ECF81 /* Release */,
			);
			defaultConfigurationIsVisible = 0;
			defaultConfigurationName = Release;
		};
/* End XCConfigurationList section */

/* Begin XCRemoteSwiftPackageReference section */
		E238EF6D2B781CE600DC8E84 /* XCRemoteSwiftPackageReference "lottie-ios" */ = {
			isa = XCRemoteSwiftPackageReference;
			repositoryURL = "https://github.com/airbnb/lottie-ios.git";
			requirement = {
				kind = upToNextMajorVersion;
				minimumVersion = 4.4.0;
			};
		};
		E238EF732B782EB100DC8E84 /* XCRemoteSwiftPackageReference "ColorfulX" */ = {
			isa = XCRemoteSwiftPackageReference;
			repositoryURL = "https://github.com/Lakr233/ColorfulX";
			requirement = {
				kind = upToNextMajorVersion;
				minimumVersion = 2.4.0;
			};
		};
		E26988742B35D2E10097B8EF /* XCRemoteSwiftPackageReference "WrappingHStack" */ = {
			isa = XCRemoteSwiftPackageReference;
			repositoryURL = "https://github.com/ksemianov/WrappingHStack";
			requirement = {
				kind = upToNextMajorVersion;
				minimumVersion = 0.2.0;
			};
		};
		E2D3E8552BB4E12E003FBFF1 /* XCRemoteSwiftPackageReference "CompactSlider" */ = {
			isa = XCRemoteSwiftPackageReference;
			repositoryURL = "https://github.com/buh/CompactSlider/";
			requirement = {
				kind = upToNextMajorVersion;
				minimumVersion = 1.1.5;
			};
		};
/* End XCRemoteSwiftPackageReference section */

/* Begin XCSwiftPackageProductDependency section */
		E238EF6E2B781CE600DC8E84 /* Lottie */ = {
			isa = XCSwiftPackageProductDependency;
			package = E238EF6D2B781CE600DC8E84 /* XCRemoteSwiftPackageReference "lottie-ios" */;
			productName = Lottie;
		};
		E238EF742B782EB100DC8E84 /* ColorfulX */ = {
			isa = XCSwiftPackageProductDependency;
			package = E238EF732B782EB100DC8E84 /* XCRemoteSwiftPackageReference "ColorfulX" */;
			productName = ColorfulX;
		};
		E26988752B35D2E10097B8EF /* WrappingHStack */ = {
			isa = XCSwiftPackageProductDependency;
			package = E26988742B35D2E10097B8EF /* XCRemoteSwiftPackageReference "WrappingHStack" */;
			productName = WrappingHStack;
		};
		E28DC2AF2B1F62B900E2FECE /* GoTravel.CoreData */ = {
			isa = XCSwiftPackageProductDependency;
			productName = GoTravel.CoreData;
		};
		E28DC2B22B1FE44900E2FECE /* GoTravel.Models */ = {
			isa = XCSwiftPackageProductDependency;
			productName = GoTravel.Models;
		};
		E28DC2B52B1FE5DE00E2FECE /* GoTravel.API */ = {
			isa = XCSwiftPackageProductDependency;
			productName = GoTravel.API;
		};
		E2D3E8562BB4E12E003FBFF1 /* CompactSlider */ = {
			isa = XCSwiftPackageProductDependency;
			package = E2D3E8552BB4E12E003FBFF1 /* XCRemoteSwiftPackageReference "CompactSlider" */;
			productName = CompactSlider;
		};
/* End XCSwiftPackageProductDependency section */
	};
	rootObject = E283D3762AC23316008ECF81 /* Project object */;
}
